// !$*UTF8*$!
{
	archiveVersion = 1;
	classes = {
	};
	objectVersion = 48;
	objects = {

/* Begin PBXBuildFile section */
		0404F7D12289A06C00B527F0 /* AttendanceViewController.swift in Sources */ = {isa = PBXBuildFile; fileRef = 0404F7D02289A06C00B527F0 /* AttendanceViewController.swift */; };
		0404F7D32289ADA100B527F0 /* MainAttendance.swift in Sources */ = {isa = PBXBuildFile; fileRef = 0404F7D22289ADA100B527F0 /* MainAttendance.swift */; };
		0426D79B22CCB6D3006C111A /* 배너.png in Resources */ = {isa = PBXBuildFile; fileRef = 0426D79122CCB6D1006C111A /* 배너.png */; };
		042761CB2106E41400928EB7 /* AppDelegate.swift in Sources */ = {isa = PBXBuildFile; fileRef = 042761CA2106E41400928EB7 /* AppDelegate.swift */; };
		042761D02106E41400928EB7 /* Main.storyboard in Resources */ = {isa = PBXBuildFile; fileRef = 042761CE2106E41400928EB7 /* Main.storyboard */; };
		042761D22106E41600928EB7 /* Assets.xcassets in Resources */ = {isa = PBXBuildFile; fileRef = 042761D12106E41600928EB7 /* Assets.xcassets */; };
		042761D52106E41600928EB7 /* LaunchScreen.storyboard in Resources */ = {isa = PBXBuildFile; fileRef = 042761D32106E41600928EB7 /* LaunchScreen.storyboard */; };
		042761E02106E41600928EB7 /* CBACampProjectTests.swift in Sources */ = {isa = PBXBuildFile; fileRef = 042761DF2106E41600928EB7 /* CBACampProjectTests.swift */; };
		042761EB2106E41600928EB7 /* CBACampProjectUITests.swift in Sources */ = {isa = PBXBuildFile; fileRef = 042761EA2106E41600928EB7 /* CBACampProjectUITests.swift */; };
		042A0DA422DC36CC00DEE34C /* YoutubeViewController.swift in Sources */ = {isa = PBXBuildFile; fileRef = 042A0DA322DC36CC00DEE34C /* YoutubeViewController.swift */; };
		043A7FF8219A721C00451CE0 /* AuthViewController.swift in Sources */ = {isa = PBXBuildFile; fileRef = 043A7FF7219A721C00451CE0 /* AuthViewController.swift */; };
		044039B4247BAD3400D6FA97 /* right.png in Resources */ = {isa = PBXBuildFile; fileRef = 044039B2247BAD3400D6FA97 /* right.png */; };
		044039B5247BAD3400D6FA97 /* left.png in Resources */ = {isa = PBXBuildFile; fileRef = 044039B3247BAD3400D6FA97 /* left.png */; };
		044039B7247BAE6300D6FA97 /* portable-document-format.png in Resources */ = {isa = PBXBuildFile; fileRef = 044039B6247BAE6300D6FA97 /* portable-document-format.png */; };
		044039B9247BAE6900D6FA97 /* trash.png in Resources */ = {isa = PBXBuildFile; fileRef = 044039B8247BAE6900D6FA97 /* trash.png */; };
		044039BB247BAF1C00D6FA97 /* stop.png in Resources */ = {isa = PBXBuildFile; fileRef = 044039BA247BAF1C00D6FA97 /* stop.png */; };
		0442A2CD22EB43590035EA9A /* cancel.png in Resources */ = {isa = PBXBuildFile; fileRef = 0442A2CC22EB43590035EA9A /* cancel.png */; };
		0442A2CF22EB45970035EA9A /* CBA1.png in Resources */ = {isa = PBXBuildFile; fileRef = 0442A2CE22EB45970035EA9A /* CBA1.png */; };
		04468FA222EC37E200E63183 /* 몽산포_사이드바배너.png in Resources */ = {isa = PBXBuildFile; fileRef = 04468FA122EC37E100E63183 /* 몽산포_사이드바배너.png */; };
		044A479222E3208E00249822 /* 몽산포선택.png in Resources */ = {isa = PBXBuildFile; fileRef = 044A479122E3208E00249822 /* 몽산포선택.png */; };
		044A479A22E37CC000249822 /* 준비중.png in Resources */ = {isa = PBXBuildFile; fileRef = 044A479922E37CC000249822 /* 준비중.png */; };
		044A47A222E3830800249822 /* CBA.png in Resources */ = {isa = PBXBuildFile; fileRef = 044A47A122E3830700249822 /* CBA.png */; };
		044A47A422E3938500249822 /* Assets.xcassets in Resources */ = {isa = PBXBuildFile; fileRef = 044A47A322E3938400249822 /* Assets.xcassets */; };
		046C83A3210984AA00176FDE /* MapViewController.swift in Sources */ = {isa = PBXBuildFile; fileRef = 046C83A2210984AA00176FDE /* MapViewController.swift */; };
		04733D2922FA87E50085756A /* 조장.png in Resources */ = {isa = PBXBuildFile; fileRef = 04733D2722FA87E40085756A /* 조장.png */; };
		04733D2A22FA87E50085756A /* 조원.png in Resources */ = {isa = PBXBuildFile; fileRef = 04733D2822FA87E50085756A /* 조원.png */; };
		04733D3022FAEA000085756A /* TIMETABLE.png in Resources */ = {isa = PBXBuildFile; fileRef = 04733D2B22FAEA000085756A /* TIMETABLE.png */; };
		04733D3122FAEA000085756A /* GBS.png in Resources */ = {isa = PBXBuildFile; fileRef = 04733D2C22FAEA000085756A /* GBS.png */; };
		04733D3222FAEA000085756A /* CALL.png in Resources */ = {isa = PBXBuildFile; fileRef = 04733D2D22FAEA000085756A /* CALL.png */; };
		04733D3322FAEA000085756A /* ONAIR.png in Resources */ = {isa = PBXBuildFile; fileRef = 04733D2E22FAEA000085756A /* ONAIR.png */; };
		04733D3422FAEA000085756A /* 제목-없음-1.png in Resources */ = {isa = PBXBuildFile; fileRef = 04733D2F22FAEA000085756A /* 제목-없음-1.png */; };
		04733D3622FAEA380085756A /* CBA_배경.png in Resources */ = {isa = PBXBuildFile; fileRef = 04733D3522FAEA380085756A /* CBA_배경.png */; };
		04733D3822FB19A10085756A /* StreamingViewController.swift in Sources */ = {isa = PBXBuildFile; fileRef = 04733D3722FB19A10085756A /* StreamingViewController.swift */; };
		048A3FCE22CFD77500CCEC20 /* CBA가로배너.png in Resources */ = {isa = PBXBuildFile; fileRef = 048A3FCD22CFD77500CCEC20 /* CBA가로배너.png */; };
		048AF661224B853E00A8D7AD /* CheckViewController.swift in Sources */ = {isa = PBXBuildFile; fileRef = 048AF660224B853E00A8D7AD /* CheckViewController.swift */; };
		0493A097246C53930047CD7D /* Harmony_Sidebar.png in Resources */ = {isa = PBXBuildFile; fileRef = 0493A096246C53930047CD7D /* Harmony_Sidebar.png */; };
		04950AAA21E508CD00213D42 /* SendMessageViewController.swift in Sources */ = {isa = PBXBuildFile; fileRef = 04950AA921E508CD00213D42 /* SendMessageViewController.swift */; };
		04955EFB210A24320057FD68 /* MainLocation.swift in Sources */ = {isa = PBXBuildFile; fileRef = 04955EFA210A24320057FD68 /* MainLocation.swift */; };
		049F94D824646C5D00324912 /* CheckView.swift in Sources */ = {isa = PBXBuildFile; fileRef = 049F94D724646C5D00324912 /* CheckView.swift */; };
		049F94DB246478C400324912 /* GBSAttandanceController.swift in Sources */ = {isa = PBXBuildFile; fileRef = 049F94DA246478C400324912 /* GBSAttandanceController.swift */; };
		04A9638F22D59D1E00CE91F6 /* MainAgency.swift in Sources */ = {isa = PBXBuildFile; fileRef = 04A9638E22D59D1E00CE91F6 /* MainAgency.swift */; };
		04AE0EB122D97CCE00A9F1F2 /* 메세지-아이콘.png in Resources */ = {isa = PBXBuildFile; fileRef = 04AE0EA722D97CCE00A9F1F2 /* 메세지-아이콘.png */; };
		04AE0EB222D97CCE00A9F1F2 /* 아이폰.png in Resources */ = {isa = PBXBuildFile; fileRef = 04AE0EA922D97CCE00A9F1F2 /* 아이폰.png */; };
		04AE0EB322D97CCE00A9F1F2 /* 안드로이드.png in Resources */ = {isa = PBXBuildFile; fileRef = 04AE0EAA22D97CCE00A9F1F2 /* 안드로이드.png */; };
		04AE0EB422D97CCE00A9F1F2 /* Q&A.png in Resources */ = {isa = PBXBuildFile; fileRef = 04AE0EAB22D97CCE00A9F1F2 /* Q&A.png */; };
		04AE0EB522D97CCE00A9F1F2 /* 내가-보낼때.png in Resources */ = {isa = PBXBuildFile; fileRef = 04AE0EAD22D97CCE00A9F1F2 /* 내가-보낼때.png */; };
		04AE0EB622D97CCE00A9F1F2 /* 다른-영혼이-보낼때.png in Resources */ = {isa = PBXBuildFile; fileRef = 04AE0EAE22D97CCE00A9F1F2 /* 다른-영혼이-보낼때.png */; };
		04AE0EB722D97CCE00A9F1F2 /* 본부에서보낼때.png in Resources */ = {isa = PBXBuildFile; fileRef = 04AE0EAF22D97CCE00A9F1F2 /* 본부에서보낼때.png */; };
		04AE0EB922D997D400A9F1F2 /* 성락아이콘.png in Resources */ = {isa = PBXBuildFile; fileRef = 04AE0EB822D997D400A9F1F2 /* 성락아이콘.png */; };
		04E3727F2107106A00FB7304 /* ScheduleTabViewController.swift in Sources */ = {isa = PBXBuildFile; fileRef = 04E3727E2107106A00FB7304 /* ScheduleTabViewController.swift */; };
		04E372812107146F00FB7304 /* MassageTabViewController.swift in Sources */ = {isa = PBXBuildFile; fileRef = 04E372802107146F00FB7304 /* MassageTabViewController.swift */; };
		04E372832107148C00FB7304 /* CBAInfoTabViewController.swift in Sources */ = {isa = PBXBuildFile; fileRef = 04E372822107148C00FB7304 /* CBAInfoTabViewController.swift */; };
		04E47F9022C0F7F000974F5C /* SwiftyJSON.framework in Frameworks */ = {isa = PBXBuildFile; fileRef = 04E47F8F22C0F7F000974F5C /* SwiftyJSON.framework */; };
		04E7FFD022D3925900E87AE9 /* 몽산포_가로배너.png in Resources */ = {isa = PBXBuildFile; fileRef = 04E7FFCF22D3925900E87AE9 /* 몽산포_가로배너.png */; };
		04E7FFE022D3927700E87AE9 /* bottom_1.png in Resources */ = {isa = PBXBuildFile; fileRef = 04E7FFD422D3927700E87AE9 /* bottom_1.png */; };
		04E7FFE122D3927700E87AE9 /* bottom_3.png in Resources */ = {isa = PBXBuildFile; fileRef = 04E7FFD522D3927700E87AE9 /* bottom_3.png */; };
		04E7FFE222D3927700E87AE9 /* bottom_2.png in Resources */ = {isa = PBXBuildFile; fileRef = 04E7FFD622D3927700E87AE9 /* bottom_2.png */; };
		04E7FFE322D3927700E87AE9 /* bottom_5.png in Resources */ = {isa = PBXBuildFile; fileRef = 04E7FFD722D3927700E87AE9 /* bottom_5.png */; };
		04E7FFE422D3927700E87AE9 /* bottom_4.png in Resources */ = {isa = PBXBuildFile; fileRef = 04E7FFD822D3927700E87AE9 /* bottom_4.png */; };
		04E7FFE522D3927700E87AE9 /* 메뉴.png in Resources */ = {isa = PBXBuildFile; fileRef = 04E7FFDA22D3927700E87AE9 /* 메뉴.png */; };
		04E7FFE622D3927700E87AE9 /* 로고.png in Resources */ = {isa = PBXBuildFile; fileRef = 04E7FFDB22D3927700E87AE9 /* 로고.png */; };
		04E7FFE722D3927700E87AE9 /* 몽산포.png in Resources */ = {isa = PBXBuildFile; fileRef = 04E7FFDC22D3927700E87AE9 /* 몽산포.png */; };
		04E7FFE822D3927700E87AE9 /* 알림판.png in Resources */ = {isa = PBXBuildFile; fileRef = 04E7FFDE22D3927700E87AE9 /* 알림판.png */; };
		04E7FFE922D3927700E87AE9 /* 몽산포_배너.png in Resources */ = {isa = PBXBuildFile; fileRef = 04E7FFDF22D3927700E87AE9 /* 몽산포_배너.png */; };
		04E7FFEB22D3928500E87AE9 /* 몽산포_산호.jpeg in Resources */ = {isa = PBXBuildFile; fileRef = 04E7FFEA22D3928500E87AE9 /* 몽산포_산호.jpeg */; };
		04E7FFF522D4ADD600E87AE9 /* 로그아웃.png in Resources */ = {isa = PBXBuildFile; fileRef = 04E7FFEF22D4ADD600E87AE9 /* 로그아웃.png */; };
		04E7FFF622D4ADD600E87AE9 /* 제목-없음-2.png in Resources */ = {isa = PBXBuildFile; fileRef = 04E7FFF022D4ADD600E87AE9 /* 제목-없음-2.png */; };
		04E7FFF722D4ADD600E87AE9 /* 막대.png in Resources */ = {isa = PBXBuildFile; fileRef = 04E7FFF122D4ADD600E87AE9 /* 막대.png */; };
		04E7FFF822D4ADD600E87AE9 /* 로그인.png in Resources */ = {isa = PBXBuildFile; fileRef = 04E7FFF222D4ADD600E87AE9 /* 로그인.png */; };
		04E7FFF922D4ADD600E87AE9 /* 화살표.png in Resources */ = {isa = PBXBuildFile; fileRef = 04E7FFF322D4ADD600E87AE9 /* 화살표.png */; };
		04EFDCD524D47990007760D9 /* 2020Summer_SelectImage.png in Resources */ = {isa = PBXBuildFile; fileRef = 04EFDCD224D47990007760D9 /* 2020Summer_SelectImage.png */; };
		04EFDCD624D47990007760D9 /* 2020Summer_BackImage__.png in Resources */ = {isa = PBXBuildFile; fileRef = 04EFDCD324D47990007760D9 /* 2020Summer_BackImage__.png */; };
		04EFDCD724D47990007760D9 /* 2020Summer_BaseImage.png in Resources */ = {isa = PBXBuildFile; fileRef = 04EFDCD424D47990007760D9 /* 2020Summer_BaseImage.png */; };
		04F09B2822D78B72006A604E /* CBA선택.png in Resources */ = {isa = PBXBuildFile; fileRef = 04F09B2622D78B72006A604E /* CBA선택.png */; };
		04F09B2922D78B72006A604E /* 몽산포선택1.png in Resources */ = {isa = PBXBuildFile; fileRef = 04F09B2722D78B72006A604E /* 몽산포선택1.png */; };
		04F09B2D22D870B9006A604E /* NoticeViewController.swift in Sources */ = {isa = PBXBuildFile; fileRef = 04F09B2C22D870B9006A604E /* NoticeViewController.swift */; };
		04F09B2F22D8D224006A604E /* 몽산포_배경.png in Resources */ = {isa = PBXBuildFile; fileRef = 04F09B2E22D8D224006A604E /* 몽산포_배경.png */; };
		04F09B3122D8DB51006A604E /* ImageViewController.swift in Sources */ = {isa = PBXBuildFile; fileRef = 04F09B3022D8DB51006A604E /* ImageViewController.swift */; };
		04F0F54D2109FBD6001B953B /* UIView+SimpleAnimation.swift in Sources */ = {isa = PBXBuildFile; fileRef = 04F0F54C2109FBD6001B953B /* UIView+SimpleAnimation.swift */; };
		04F29E5622C0893300799F6F /* Alamofire.framework in Frameworks */ = {isa = PBXBuildFile; fileRef = 04F29E5522C0893300799F6F /* Alamofire.framework */; settings = {ATTRIBUTES = (Required, ); }; };
		04F925EC21E84DF400C4F6CA /* SearchGBSViewController.swift in Sources */ = {isa = PBXBuildFile; fileRef = 04F925EB21E84DF400C4F6CA /* SearchGBSViewController.swift */; };
		04FC00E2210AEC0100528D7A /* hamberger.png in Resources */ = {isa = PBXBuildFile; fileRef = 04FC00D0210AEC0000528D7A /* hamberger.png */; };
		04FC00E3210AEC0100528D7A /* Blank.png in Resources */ = {isa = PBXBuildFile; fileRef = 04FC00D1210AEC0000528D7A /* Blank.png */; };
		04FC00E5210AEC0100528D7A /* CampBackground.jpeg in Resources */ = {isa = PBXBuildFile; fileRef = 04FC00D3210AEC0000528D7A /* CampBackground.jpeg */; };
		04FC00E6210AEC0100528D7A /* hamgerger2.png in Resources */ = {isa = PBXBuildFile; fileRef = 04FC00D4210AEC0000528D7A /* hamgerger2.png */; };
		04FC00E9210AEC0100528D7A /* Heart.png in Resources */ = {isa = PBXBuildFile; fileRef = 04FC00D7210AEC0000528D7A /* Heart.png */; };
		04FC00ED210AEC0100528D7A /* CBA.jpeg in Resources */ = {isa = PBXBuildFile; fileRef = 04FC00DB210AEC0100528D7A /* CBA.jpeg */; };
		04FCBCB422C7AA9800FAC5F6 /* ImageSlideshow.framework in Frameworks */ = {isa = PBXBuildFile; fileRef = 04FCBCB322C7AA9800FAC5F6 /* ImageSlideshow.framework */; };
		04FD79F021F87C8100936F87 /* MainUser.swift in Sources */ = {isa = PBXBuildFile; fileRef = 04FD79EF21F87C8100936F87 /* MainUser.swift */; };
		04FD79F321F8857400936F87 /* MainGBS.swift in Sources */ = {isa = PBXBuildFile; fileRef = 04FD79F221F8857400936F87 /* MainGBS.swift */; };
		04FD7C6722E7707E00B04F2A /* 불편접수.png in Resources */ = {isa = PBXBuildFile; fileRef = 04FD7C6622E7707E00B04F2A /* 불편접수.png */; };
		5CCAD2B91A6439E74C690679 /* Pods_CBACampProject.framework in Frameworks */ = {isa = PBXBuildFile; fileRef = 04FD21812ADFB4FE3EAC6541 /* Pods_CBACampProject.framework */; };
		62B72A83EFCD72EE43D7868E /* Pods_CBACampProjectTests.framework in Frameworks */ = {isa = PBXBuildFile; fileRef = 4CF09DD718597AAA96148BD8 /* Pods_CBACampProjectTests.framework */; };
		DB3A8868210E3A7000E6DA14 /* MainMessage.swift in Sources */ = {isa = PBXBuildFile; fileRef = DB3A8867210E3A7000E6DA14 /* MainMessage.swift */; };
		DB3A886C210E54FD00E6DA14 /* 이미지준비중.jpg in Resources */ = {isa = PBXBuildFile; fileRef = DB3A886B210E54FD00E6DA14 /* 이미지준비중.jpg */; };
		DB764E43210C7207006E72EB /* profile.png in Resources */ = {isa = PBXBuildFile; fileRef = DB764E42210C7206006E72EB /* profile.png */; };
		DB764E4D210C87EA006E72EB /* NotoSans-Bold.ttf in Resources */ = {isa = PBXBuildFile; fileRef = DB764E4A210C873F006E72EB /* NotoSans-Bold.ttf */; };
		DB764E4E210C87EA006E72EB /* NotoSans-Regular.ttf in Resources */ = {isa = PBXBuildFile; fileRef = DB764E49210C873F006E72EB /* NotoSans-Regular.ttf */; };
		DB764E4F210C87EA006E72EB /* NotoSansKR_Regular.woff in Resources */ = {isa = PBXBuildFile; fileRef = DB764E4C210C873F006E72EB /* NotoSansKR_Regular.woff */; };
		DB764E50210C87EA006E72EB /* NotoSansUI-Regular.ttf in Resources */ = {isa = PBXBuildFile; fileRef = DB764E4B210C873F006E72EB /* NotoSansUI-Regular.ttf */; };
		DB764E52210C8A2E006E72EB /* FirebaseModel.swift in Sources */ = {isa = PBXBuildFile; fileRef = DB764E51210C8A2E006E72EB /* FirebaseModel.swift */; };
		DB764E54210C98FD006E72EB /* refresh.png in Resources */ = {isa = PBXBuildFile; fileRef = DB764E53210C98FD006E72EB /* refresh.png */; };
		DB764E57210CB9A1006E72EB /* Icon-60@3x.png in Resources */ = {isa = PBXBuildFile; fileRef = DB764E56210CB9A1006E72EB /* Icon-60@3x.png */; };
		DB764E5F210E0A3D006E72EB /* applybutton.png in Resources */ = {isa = PBXBuildFile; fileRef = DB764E5E210E0A3D006E72EB /* applybutton.png */; };
		DBF11FD2211B524400EE9B98 /* 이미지준비중.png in Resources */ = {isa = PBXBuildFile; fileRef = DBF11FD1211B524400EE9B98 /* 이미지준비중.png */; };
		E1959C7523DAE4C800CAE9AC /* 2020Summer_BackImage.png in Resources */ = {isa = PBXBuildFile; fileRef = E1959C7123DAE4C700CAE9AC /* 2020Summer_BackImage.png */; };
		E1959C7F23E5EA5500CAE9AC /* GoogleService-Info.plist in Resources */ = {isa = PBXBuildFile; fileRef = E1959C7E23E5EA5400CAE9AC /* GoogleService-Info.plist */; };
		EB9DBBBDB2D80197962D0D9C /* Pods_CBACampProjectUITests.framework in Frameworks */ = {isa = PBXBuildFile; fileRef = F8D2F86E3A2F0AD34F90D79C /* Pods_CBACampProjectUITests.framework */; };
/* End PBXBuildFile section */

/* Begin PBXContainerItemProxy section */
		042761DC2106E41600928EB7 /* PBXContainerItemProxy */ = {
			isa = PBXContainerItemProxy;
			containerPortal = 042761BF2106E41400928EB7 /* Project object */;
			proxyType = 1;
			remoteGlobalIDString = 042761C62106E41400928EB7;
			remoteInfo = CBACampProject;
		};
		042761E72106E41600928EB7 /* PBXContainerItemProxy */ = {
			isa = PBXContainerItemProxy;
			containerPortal = 042761BF2106E41400928EB7 /* Project object */;
			proxyType = 1;
			remoteGlobalIDString = 042761C62106E41400928EB7;
			remoteInfo = CBACampProject;
		};
/* End PBXContainerItemProxy section */

/* Begin PBXFileReference section */
		0404F7D02289A06C00B527F0 /* AttendanceViewController.swift */ = {isa = PBXFileReference; lastKnownFileType = sourcecode.swift; path = AttendanceViewController.swift; sourceTree = "<group>"; usesTabs = 0; };
		0404F7D22289ADA100B527F0 /* MainAttendance.swift */ = {isa = PBXFileReference; lastKnownFileType = sourcecode.swift; path = MainAttendance.swift; sourceTree = "<group>"; };
		0426D78D22CCB6D1006C111A /* 메뉴.png */ = {isa = PBXFileReference; lastKnownFileType = image.png; path = "메뉴.png"; sourceTree = "<group>"; };
		0426D78E22CCB6D1006C111A /* 로고.png */ = {isa = PBXFileReference; lastKnownFileType = image.png; path = "로고.png"; sourceTree = "<group>"; };
		0426D79022CCB6D1006C111A /* 알림판.png */ = {isa = PBXFileReference; lastKnownFileType = image.png; path = "알림판.png"; sourceTree = "<group>"; };
		0426D79122CCB6D1006C111A /* 배너.png */ = {isa = PBXFileReference; lastKnownFileType = image.png; path = "배너.png"; sourceTree = "<group>"; };
		042761C72106E41400928EB7 /* CBACampProject.app */ = {isa = PBXFileReference; explicitFileType = wrapper.application; includeInIndex = 0; path = CBACampProject.app; sourceTree = BUILT_PRODUCTS_DIR; };
		042761CA2106E41400928EB7 /* AppDelegate.swift */ = {isa = PBXFileReference; lastKnownFileType = sourcecode.swift; path = AppDelegate.swift; sourceTree = "<group>"; };
		042761CF2106E41400928EB7 /* Base */ = {isa = PBXFileReference; lastKnownFileType = file.storyboard; name = Base; path = Base.lproj/Main.storyboard; sourceTree = "<group>"; };
		042761D12106E41600928EB7 /* Assets.xcassets */ = {isa = PBXFileReference; lastKnownFileType = folder.assetcatalog; path = Assets.xcassets; sourceTree = "<group>"; };
		042761D42106E41600928EB7 /* Base */ = {isa = PBXFileReference; lastKnownFileType = file.storyboard; name = Base; path = Base.lproj/LaunchScreen.storyboard; sourceTree = "<group>"; };
		042761D62106E41600928EB7 /* Info.plist */ = {isa = PBXFileReference; lastKnownFileType = text.plist.xml; path = Info.plist; sourceTree = "<group>"; };
		042761DB2106E41600928EB7 /* CBACampProjectTests.xctest */ = {isa = PBXFileReference; explicitFileType = wrapper.cfbundle; includeInIndex = 0; path = CBACampProjectTests.xctest; sourceTree = BUILT_PRODUCTS_DIR; };
		042761DF2106E41600928EB7 /* CBACampProjectTests.swift */ = {isa = PBXFileReference; lastKnownFileType = sourcecode.swift; path = CBACampProjectTests.swift; sourceTree = "<group>"; };
		042761E12106E41600928EB7 /* Info.plist */ = {isa = PBXFileReference; lastKnownFileType = text.plist.xml; path = Info.plist; sourceTree = "<group>"; };
		042761E62106E41600928EB7 /* CBACampProjectUITests.xctest */ = {isa = PBXFileReference; explicitFileType = wrapper.cfbundle; includeInIndex = 0; path = CBACampProjectUITests.xctest; sourceTree = BUILT_PRODUCTS_DIR; };
		042761EA2106E41600928EB7 /* CBACampProjectUITests.swift */ = {isa = PBXFileReference; lastKnownFileType = sourcecode.swift; path = CBACampProjectUITests.swift; sourceTree = "<group>"; };
		042761EC2106E41600928EB7 /* Info.plist */ = {isa = PBXFileReference; lastKnownFileType = text.plist.xml; path = Info.plist; sourceTree = "<group>"; };
		042A0DA322DC36CC00DEE34C /* YoutubeViewController.swift */ = {isa = PBXFileReference; lastKnownFileType = sourcecode.swift; path = YoutubeViewController.swift; sourceTree = "<group>"; };
		043A7FF7219A721C00451CE0 /* AuthViewController.swift */ = {isa = PBXFileReference; lastKnownFileType = sourcecode.swift; path = AuthViewController.swift; sourceTree = "<group>"; };
		044039B2247BAD3400D6FA97 /* right.png */ = {isa = PBXFileReference; lastKnownFileType = image.png; path = right.png; sourceTree = "<group>"; };
		044039B3247BAD3400D6FA97 /* left.png */ = {isa = PBXFileReference; lastKnownFileType = image.png; path = left.png; sourceTree = "<group>"; };
		044039B6247BAE6300D6FA97 /* portable-document-format.png */ = {isa = PBXFileReference; lastKnownFileType = image.png; path = "portable-document-format.png"; sourceTree = "<group>"; };
		044039B8247BAE6900D6FA97 /* trash.png */ = {isa = PBXFileReference; lastKnownFileType = image.png; path = trash.png; sourceTree = "<group>"; };
		044039BA247BAF1C00D6FA97 /* stop.png */ = {isa = PBXFileReference; lastKnownFileType = image.png; path = stop.png; sourceTree = "<group>"; };
		0442A2CC22EB43590035EA9A /* cancel.png */ = {isa = PBXFileReference; lastKnownFileType = image.png; path = cancel.png; sourceTree = "<group>"; };
		0442A2CE22EB45970035EA9A /* CBA1.png */ = {isa = PBXFileReference; lastKnownFileType = image.png; name = CBA1.png; path = "Resource/19_여름_메인/상단/CBA1.png"; sourceTree = SOURCE_ROOT; };
		04468FA122EC37E100E63183 /* 몽산포_사이드바배너.png */ = {isa = PBXFileReference; lastKnownFileType = image.png; path = "몽산포_사이드바배너.png"; sourceTree = "<group>"; };
		044A479122E3208E00249822 /* 몽산포선택.png */ = {isa = PBXFileReference; lastKnownFileType = image.png; path = "몽산포선택.png"; sourceTree = "<group>"; };
		044A479722E37CA000249822 /* 메세지-아이콘.png */ = {isa = PBXFileReference; lastKnownFileType = image.png; path = "메세지-아이콘.png"; sourceTree = "<group>"; };
		044A479922E37CC000249822 /* 준비중.png */ = {isa = PBXFileReference; lastKnownFileType = image.png; path = "준비중.png"; sourceTree = "<group>"; };
		044A47A122E3830700249822 /* CBA.png */ = {isa = PBXFileReference; lastKnownFileType = image.png; name = CBA.png; path = "Resource/19_여름_메인/CBA.png"; sourceTree = SOURCE_ROOT; };
		044A47A322E3938400249822 /* Assets.xcassets */ = {isa = PBXFileReference; lastKnownFileType = folder.assetcatalog; path = Assets.xcassets; sourceTree = "<group>"; };
		046C83A2210984AA00176FDE /* MapViewController.swift */ = {isa = PBXFileReference; lastKnownFileType = sourcecode.swift; path = MapViewController.swift; sourceTree = "<group>"; };
		04733D2722FA87E40085756A /* 조장.png */ = {isa = PBXFileReference; lastKnownFileType = image.png; path = "조장.png"; sourceTree = "<group>"; };
		04733D2822FA87E50085756A /* 조원.png */ = {isa = PBXFileReference; lastKnownFileType = image.png; path = "조원.png"; sourceTree = "<group>"; };
		04733D2B22FAEA000085756A /* TIMETABLE.png */ = {isa = PBXFileReference; lastKnownFileType = image.png; name = TIMETABLE.png; path = "Resource/19_여름_메인/하단/TIMETABLE.png"; sourceTree = SOURCE_ROOT; };
		04733D2C22FAEA000085756A /* GBS.png */ = {isa = PBXFileReference; lastKnownFileType = image.png; name = GBS.png; path = "Resource/19_여름_메인/하단/GBS.png"; sourceTree = SOURCE_ROOT; };
		04733D2D22FAEA000085756A /* CALL.png */ = {isa = PBXFileReference; lastKnownFileType = image.png; name = CALL.png; path = "Resource/19_여름_메인/하단/CALL.png"; sourceTree = SOURCE_ROOT; };
		04733D2E22FAEA000085756A /* ONAIR.png */ = {isa = PBXFileReference; lastKnownFileType = image.png; name = ONAIR.png; path = "Resource/19_여름_메인/하단/ONAIR.png"; sourceTree = SOURCE_ROOT; };
		04733D2F22FAEA000085756A /* 제목-없음-1.png */ = {isa = PBXFileReference; lastKnownFileType = image.png; name = "제목-없음-1.png"; path = "Resource/19_여름_메인/하단/제목-없음-1.png"; sourceTree = SOURCE_ROOT; };
		04733D3522FAEA380085756A /* CBA_배경.png */ = {isa = PBXFileReference; lastKnownFileType = image.png; path = "CBA_배경.png"; sourceTree = "<group>"; };
		04733D3722FB19A10085756A /* StreamingViewController.swift */ = {isa = PBXFileReference; lastKnownFileType = sourcecode.swift; path = StreamingViewController.swift; sourceTree = "<group>"; };
		048A3FCD22CFD77500CCEC20 /* CBA가로배너.png */ = {isa = PBXFileReference; lastKnownFileType = image.png; path = "CBA가로배너.png"; sourceTree = "<group>"; };
		048AF660224B853E00A8D7AD /* CheckViewController.swift */ = {isa = PBXFileReference; lastKnownFileType = sourcecode.swift; path = CheckViewController.swift; sourceTree = "<group>"; };
		0493A096246C53930047CD7D /* Harmony_Sidebar.png */ = {isa = PBXFileReference; lastKnownFileType = image.png; path = Harmony_Sidebar.png; sourceTree = "<group>"; };
		04950AA921E508CD00213D42 /* SendMessageViewController.swift */ = {isa = PBXFileReference; lastKnownFileType = sourcecode.swift; path = SendMessageViewController.swift; sourceTree = "<group>"; };
		04955EFA210A24320057FD68 /* MainLocation.swift */ = {isa = PBXFileReference; lastKnownFileType = sourcecode.swift; path = MainLocation.swift; sourceTree = "<group>"; };
		049F94D724646C5D00324912 /* CheckView.swift */ = {isa = PBXFileReference; lastKnownFileType = sourcecode.swift; path = CheckView.swift; sourceTree = "<group>"; };
		049F94DA246478C400324912 /* GBSAttandanceController.swift */ = {isa = PBXFileReference; lastKnownFileType = sourcecode.swift; path = GBSAttandanceController.swift; sourceTree = "<group>"; };
		04A9638E22D59D1E00CE91F6 /* MainAgency.swift */ = {isa = PBXFileReference; lastKnownFileType = sourcecode.swift; path = MainAgency.swift; sourceTree = "<group>"; };
		04AE0EA722D97CCE00A9F1F2 /* 메세지-아이콘.png */ = {isa = PBXFileReference; lastKnownFileType = image.png; path = "메세지-아이콘.png"; sourceTree = "<group>"; };
		04AE0EA922D97CCE00A9F1F2 /* 아이폰.png */ = {isa = PBXFileReference; lastKnownFileType = image.png; path = "아이폰.png"; sourceTree = "<group>"; };
		04AE0EAA22D97CCE00A9F1F2 /* 안드로이드.png */ = {isa = PBXFileReference; lastKnownFileType = image.png; path = "안드로이드.png"; sourceTree = "<group>"; };
		04AE0EAB22D97CCE00A9F1F2 /* Q&A.png */ = {isa = PBXFileReference; lastKnownFileType = image.png; path = "Q&A.png"; sourceTree = "<group>"; };
		04AE0EAD22D97CCE00A9F1F2 /* 내가-보낼때.png */ = {isa = PBXFileReference; lastKnownFileType = image.png; path = "내가-보낼때.png"; sourceTree = "<group>"; };
		04AE0EAE22D97CCE00A9F1F2 /* 다른-영혼이-보낼때.png */ = {isa = PBXFileReference; lastKnownFileType = image.png; path = "다른-영혼이-보낼때.png"; sourceTree = "<group>"; };
		04AE0EAF22D97CCE00A9F1F2 /* 본부에서보낼때.png */ = {isa = PBXFileReference; lastKnownFileType = image.png; path = "본부에서보낼때.png"; sourceTree = "<group>"; };
		04AE0EB822D997D400A9F1F2 /* 성락아이콘.png */ = {isa = PBXFileReference; lastKnownFileType = image.png; path = "성락아이콘.png"; sourceTree = "<group>"; };
		04E3727E2107106A00FB7304 /* ScheduleTabViewController.swift */ = {isa = PBXFileReference; lastKnownFileType = sourcecode.swift; path = ScheduleTabViewController.swift; sourceTree = "<group>"; };
		04E372802107146F00FB7304 /* MassageTabViewController.swift */ = {isa = PBXFileReference; lastKnownFileType = sourcecode.swift; path = MassageTabViewController.swift; sourceTree = "<group>"; };
		04E372822107148C00FB7304 /* CBAInfoTabViewController.swift */ = {isa = PBXFileReference; lastKnownFileType = sourcecode.swift; path = CBAInfoTabViewController.swift; sourceTree = "<group>"; };
		04E47F8F22C0F7F000974F5C /* SwiftyJSON.framework */ = {isa = PBXFileReference; explicitFileType = wrapper.framework; path = SwiftyJSON.framework; sourceTree = BUILT_PRODUCTS_DIR; };
		04E7FFCF22D3925900E87AE9 /* 몽산포_가로배너.png */ = {isa = PBXFileReference; lastKnownFileType = image.png; path = "몽산포_가로배너.png"; sourceTree = "<group>"; };
		04E7FFD422D3927700E87AE9 /* bottom_1.png */ = {isa = PBXFileReference; lastKnownFileType = image.png; path = bottom_1.png; sourceTree = "<group>"; };
		04E7FFD522D3927700E87AE9 /* bottom_3.png */ = {isa = PBXFileReference; lastKnownFileType = image.png; path = bottom_3.png; sourceTree = "<group>"; };
		04E7FFD622D3927700E87AE9 /* bottom_2.png */ = {isa = PBXFileReference; lastKnownFileType = image.png; path = bottom_2.png; sourceTree = "<group>"; };
		04E7FFD722D3927700E87AE9 /* bottom_5.png */ = {isa = PBXFileReference; lastKnownFileType = image.png; path = bottom_5.png; sourceTree = "<group>"; };
		04E7FFD822D3927700E87AE9 /* bottom_4.png */ = {isa = PBXFileReference; lastKnownFileType = image.png; path = bottom_4.png; sourceTree = "<group>"; };
		04E7FFDA22D3927700E87AE9 /* 메뉴.png */ = {isa = PBXFileReference; lastKnownFileType = image.png; path = "메뉴.png"; sourceTree = "<group>"; };
		04E7FFDB22D3927700E87AE9 /* 로고.png */ = {isa = PBXFileReference; lastKnownFileType = image.png; path = "로고.png"; sourceTree = "<group>"; };
		04E7FFDC22D3927700E87AE9 /* 몽산포.png */ = {isa = PBXFileReference; lastKnownFileType = image.png; path = "몽산포.png"; sourceTree = "<group>"; };
		04E7FFDE22D3927700E87AE9 /* 알림판.png */ = {isa = PBXFileReference; lastKnownFileType = image.png; path = "알림판.png"; sourceTree = "<group>"; };
		04E7FFDF22D3927700E87AE9 /* 몽산포_배너.png */ = {isa = PBXFileReference; lastKnownFileType = image.png; path = "몽산포_배너.png"; sourceTree = "<group>"; };
		04E7FFEA22D3928500E87AE9 /* 몽산포_산호.jpeg */ = {isa = PBXFileReference; lastKnownFileType = image.jpeg; path = "몽산포_산호.jpeg"; sourceTree = "<group>"; };
		04E7FFEF22D4ADD600E87AE9 /* 로그아웃.png */ = {isa = PBXFileReference; lastKnownFileType = image.png; path = "로그아웃.png"; sourceTree = "<group>"; };
		04E7FFF022D4ADD600E87AE9 /* 제목-없음-2.png */ = {isa = PBXFileReference; lastKnownFileType = image.png; path = "제목-없음-2.png"; sourceTree = "<group>"; };
		04E7FFF122D4ADD600E87AE9 /* 막대.png */ = {isa = PBXFileReference; lastKnownFileType = image.png; path = "막대.png"; sourceTree = "<group>"; };
		04E7FFF222D4ADD600E87AE9 /* 로그인.png */ = {isa = PBXFileReference; lastKnownFileType = image.png; path = "로그인.png"; sourceTree = "<group>"; };
		04E7FFF322D4ADD600E87AE9 /* 화살표.png */ = {isa = PBXFileReference; lastKnownFileType = image.png; path = "화살표.png"; sourceTree = "<group>"; };
		04EFDCD224D47990007760D9 /* 2020Summer_SelectImage.png */ = {isa = PBXFileReference; lastKnownFileType = image.png; path = 2020Summer_SelectImage.png; sourceTree = "<group>"; };
		04EFDCD324D47990007760D9 /* 2020Summer_BackImage__.png */ = {isa = PBXFileReference; lastKnownFileType = image.png; path = 2020Summer_BackImage__.png; sourceTree = "<group>"; };
		04EFDCD424D47990007760D9 /* 2020Summer_BaseImage.png */ = {isa = PBXFileReference; lastKnownFileType = image.png; path = 2020Summer_BaseImage.png; sourceTree = "<group>"; };
		04F09B2622D78B72006A604E /* CBA선택.png */ = {isa = PBXFileReference; lastKnownFileType = image.png; path = "CBA선택.png"; sourceTree = "<group>"; };
		04F09B2722D78B72006A604E /* 몽산포선택1.png */ = {isa = PBXFileReference; lastKnownFileType = image.png; path = "몽산포선택1.png"; sourceTree = "<group>"; };
		04F09B2C22D870B9006A604E /* NoticeViewController.swift */ = {isa = PBXFileReference; lastKnownFileType = sourcecode.swift; path = NoticeViewController.swift; sourceTree = "<group>"; };
		04F09B2E22D8D224006A604E /* 몽산포_배경.png */ = {isa = PBXFileReference; lastKnownFileType = image.png; path = "몽산포_배경.png"; sourceTree = "<group>"; };
		04F09B3022D8DB51006A604E /* ImageViewController.swift */ = {isa = PBXFileReference; lastKnownFileType = sourcecode.swift; path = ImageViewController.swift; sourceTree = "<group>"; };
		04F0F54C2109FBD6001B953B /* UIView+SimpleAnimation.swift */ = {isa = PBXFileReference; lastKnownFileType = sourcecode.swift; path = "UIView+SimpleAnimation.swift"; sourceTree = "<group>"; };
		04F29E5122C0889D00799F6F /* Alamofire.framework */ = {isa = PBXFileReference; explicitFileType = wrapper.framework; path = Alamofire.framework; sourceTree = BUILT_PRODUCTS_DIR; };
		04F29E5522C0893300799F6F /* Alamofire.framework */ = {isa = PBXFileReference; explicitFileType = wrapper.framework; path = Alamofire.framework; sourceTree = BUILT_PRODUCTS_DIR; };
		04F925EB21E84DF400C4F6CA /* SearchGBSViewController.swift */ = {isa = PBXFileReference; lastKnownFileType = sourcecode.swift; path = SearchGBSViewController.swift; sourceTree = "<group>"; };
		04FC00D0210AEC0000528D7A /* hamberger.png */ = {isa = PBXFileReference; lastKnownFileType = image.png; path = hamberger.png; sourceTree = "<group>"; };
		04FC00D1210AEC0000528D7A /* Blank.png */ = {isa = PBXFileReference; lastKnownFileType = image.png; path = Blank.png; sourceTree = "<group>"; };
		04FC00D3210AEC0000528D7A /* CampBackground.jpeg */ = {isa = PBXFileReference; lastKnownFileType = image.jpeg; path = CampBackground.jpeg; sourceTree = "<group>"; };
		04FC00D4210AEC0000528D7A /* hamgerger2.png */ = {isa = PBXFileReference; lastKnownFileType = image.png; path = hamgerger2.png; sourceTree = "<group>"; };
		04FC00D7210AEC0000528D7A /* Heart.png */ = {isa = PBXFileReference; lastKnownFileType = image.png; path = Heart.png; sourceTree = "<group>"; };
		04FC00DB210AEC0100528D7A /* CBA.jpeg */ = {isa = PBXFileReference; lastKnownFileType = image.jpeg; path = CBA.jpeg; sourceTree = "<group>"; };
		04FCBCAF22C7766900FAC5F6 /* ImageSlideshow.framework */ = {isa = PBXFileReference; explicitFileType = wrapper.framework; path = ImageSlideshow.framework; sourceTree = BUILT_PRODUCTS_DIR; };
		04FCBCB122C77F1600FAC5F6 /* ImageSlideShowSwift.framework */ = {isa = PBXFileReference; explicitFileType = wrapper.framework; path = ImageSlideShowSwift.framework; sourceTree = BUILT_PRODUCTS_DIR; };
		04FCBCB322C7AA9800FAC5F6 /* ImageSlideshow.framework */ = {isa = PBXFileReference; explicitFileType = wrapper.framework; path = ImageSlideshow.framework; sourceTree = BUILT_PRODUCTS_DIR; };
		04FD21812ADFB4FE3EAC6541 /* Pods_CBACampProject.framework */ = {isa = PBXFileReference; explicitFileType = wrapper.framework; includeInIndex = 0; path = Pods_CBACampProject.framework; sourceTree = BUILT_PRODUCTS_DIR; };
		04FD79EF21F87C8100936F87 /* MainUser.swift */ = {isa = PBXFileReference; lastKnownFileType = sourcecode.swift; path = MainUser.swift; sourceTree = "<group>"; };
		04FD79F221F8857400936F87 /* MainGBS.swift */ = {isa = PBXFileReference; lastKnownFileType = sourcecode.swift; path = MainGBS.swift; sourceTree = "<group>"; };
		04FD7C6622E7707E00B04F2A /* 불편접수.png */ = {isa = PBXFileReference; lastKnownFileType = image.png; path = "불편접수.png"; sourceTree = "<group>"; };
		140F3A965A68B4B4E6D06E43 /* Pods-CBACampProjectTests.debug.xcconfig */ = {isa = PBXFileReference; includeInIndex = 1; lastKnownFileType = text.xcconfig; name = "Pods-CBACampProjectTests.debug.xcconfig"; path = "Target Support Files/Pods-CBACampProjectTests/Pods-CBACampProjectTests.debug.xcconfig"; sourceTree = "<group>"; };
		3B80A3468F0519CF7144BABF /* Pods-CBACampProjectUITests.debug.xcconfig */ = {isa = PBXFileReference; includeInIndex = 1; lastKnownFileType = text.xcconfig; name = "Pods-CBACampProjectUITests.debug.xcconfig"; path = "Target Support Files/Pods-CBACampProjectUITests/Pods-CBACampProjectUITests.debug.xcconfig"; sourceTree = "<group>"; };
		4CF09DD718597AAA96148BD8 /* Pods_CBACampProjectTests.framework */ = {isa = PBXFileReference; explicitFileType = wrapper.framework; includeInIndex = 0; path = Pods_CBACampProjectTests.framework; sourceTree = BUILT_PRODUCTS_DIR; };
		9A85F1EFF685C168B29644D0 /* Pods-CBACampProjectUITests.release.xcconfig */ = {isa = PBXFileReference; includeInIndex = 1; lastKnownFileType = text.xcconfig; name = "Pods-CBACampProjectUITests.release.xcconfig"; path = "Target Support Files/Pods-CBACampProjectUITests/Pods-CBACampProjectUITests.release.xcconfig"; sourceTree = "<group>"; };
		AE89BEB243B28E666769DFB6 /* Pods-CBACampProjectTests.release.xcconfig */ = {isa = PBXFileReference; includeInIndex = 1; lastKnownFileType = text.xcconfig; name = "Pods-CBACampProjectTests.release.xcconfig"; path = "Target Support Files/Pods-CBACampProjectTests/Pods-CBACampProjectTests.release.xcconfig"; sourceTree = "<group>"; };
		C4AECE81A533AE88AE91791D /* Pods-CBACampProject.debug.xcconfig */ = {isa = PBXFileReference; includeInIndex = 1; lastKnownFileType = text.xcconfig; name = "Pods-CBACampProject.debug.xcconfig"; path = "Target Support Files/Pods-CBACampProject/Pods-CBACampProject.debug.xcconfig"; sourceTree = "<group>"; };
		DB3A8867210E3A7000E6DA14 /* MainMessage.swift */ = {isa = PBXFileReference; lastKnownFileType = sourcecode.swift; path = MainMessage.swift; sourceTree = "<group>"; };
		DB3A886B210E54FD00E6DA14 /* 이미지준비중.jpg */ = {isa = PBXFileReference; lastKnownFileType = image.jpeg; path = "이미지준비중.jpg"; sourceTree = "<group>"; };
		DB764E42210C7206006E72EB /* profile.png */ = {isa = PBXFileReference; lastKnownFileType = image.png; path = profile.png; sourceTree = "<group>"; };
		DB764E49210C873F006E72EB /* NotoSans-Regular.ttf */ = {isa = PBXFileReference; lastKnownFileType = file; path = "NotoSans-Regular.ttf"; sourceTree = "<group>"; };
		DB764E4A210C873F006E72EB /* NotoSans-Bold.ttf */ = {isa = PBXFileReference; lastKnownFileType = file; path = "NotoSans-Bold.ttf"; sourceTree = "<group>"; };
		DB764E4B210C873F006E72EB /* NotoSansUI-Regular.ttf */ = {isa = PBXFileReference; lastKnownFileType = file; path = "NotoSansUI-Regular.ttf"; sourceTree = "<group>"; };
		DB764E4C210C873F006E72EB /* NotoSansKR_Regular.woff */ = {isa = PBXFileReference; lastKnownFileType = file; path = NotoSansKR_Regular.woff; sourceTree = "<group>"; };
		DB764E51210C8A2E006E72EB /* FirebaseModel.swift */ = {isa = PBXFileReference; fileEncoding = 4; lastKnownFileType = sourcecode.swift; path = FirebaseModel.swift; sourceTree = "<group>"; };
		DB764E53210C98FD006E72EB /* refresh.png */ = {isa = PBXFileReference; lastKnownFileType = image.png; path = refresh.png; sourceTree = "<group>"; };
		DB764E55210CA1CD006E72EB /* CBACampProject.entitlements */ = {isa = PBXFileReference; lastKnownFileType = text.plist.entitlements; path = CBACampProject.entitlements; sourceTree = "<group>"; };
		DB764E56210CB9A1006E72EB /* Icon-60@3x.png */ = {isa = PBXFileReference; lastKnownFileType = image.png; path = "Icon-60@3x.png"; sourceTree = "<group>"; };
		DB764E5E210E0A3D006E72EB /* applybutton.png */ = {isa = PBXFileReference; lastKnownFileType = image.png; path = applybutton.png; sourceTree = "<group>"; };
		DBF11FD1211B524400EE9B98 /* 이미지준비중.png */ = {isa = PBXFileReference; lastKnownFileType = image.png; path = "이미지준비중.png"; sourceTree = "<group>"; };
		E1959C7123DAE4C700CAE9AC /* 2020Summer_BackImage.png */ = {isa = PBXFileReference; lastKnownFileType = image.png; path = 2020Summer_BackImage.png; sourceTree = "<group>"; };
		E1959C7D23E5D7E600CAE9AC /* CBACampProjectRelease.entitlements */ = {isa = PBXFileReference; lastKnownFileType = text.plist.entitlements; path = CBACampProjectRelease.entitlements; sourceTree = "<group>"; };
		E1959C7E23E5EA5400CAE9AC /* GoogleService-Info.plist */ = {isa = PBXFileReference; fileEncoding = 4; lastKnownFileType = text.plist.xml; name = "GoogleService-Info.plist"; path = "../../../Documents/GoogleService-Info.plist"; sourceTree = "<group>"; };
		F1259F087ED8F4BA9808592E /* Pods-CBACampProject.release.xcconfig */ = {isa = PBXFileReference; includeInIndex = 1; lastKnownFileType = text.xcconfig; name = "Pods-CBACampProject.release.xcconfig"; path = "Target Support Files/Pods-CBACampProject/Pods-CBACampProject.release.xcconfig"; sourceTree = "<group>"; };
		F8D2F86E3A2F0AD34F90D79C /* Pods_CBACampProjectUITests.framework */ = {isa = PBXFileReference; explicitFileType = wrapper.framework; includeInIndex = 0; path = Pods_CBACampProjectUITests.framework; sourceTree = BUILT_PRODUCTS_DIR; };
/* End PBXFileReference section */

/* Begin PBXFrameworksBuildPhase section */
		042761C42106E41400928EB7 /* Frameworks */ = {
			isa = PBXFrameworksBuildPhase;
			buildActionMask = 2147483647;
			files = (
				04FCBCB422C7AA9800FAC5F6 /* ImageSlideshow.framework in Frameworks */,
				04E47F9022C0F7F000974F5C /* SwiftyJSON.framework in Frameworks */,
				04F29E5622C0893300799F6F /* Alamofire.framework in Frameworks */,
				5CCAD2B91A6439E74C690679 /* Pods_CBACampProject.framework in Frameworks */,
			);
			runOnlyForDeploymentPostprocessing = 0;
		};
		042761D82106E41600928EB7 /* Frameworks */ = {
			isa = PBXFrameworksBuildPhase;
			buildActionMask = 2147483647;
			files = (
				62B72A83EFCD72EE43D7868E /* Pods_CBACampProjectTests.framework in Frameworks */,
			);
			runOnlyForDeploymentPostprocessing = 0;
		};
		042761E32106E41600928EB7 /* Frameworks */ = {
			isa = PBXFrameworksBuildPhase;
			buildActionMask = 2147483647;
			files = (
				EB9DBBBDB2D80197962D0D9C /* Pods_CBACampProjectUITests.framework in Frameworks */,
			);
			runOnlyForDeploymentPostprocessing = 0;
		};
/* End PBXFrameworksBuildPhase section */

/* Begin PBXGroup section */
		0426D78422CCB6D1006C111A /* 19_여름_메인 */ = {
			isa = PBXGroup;
			children = (
				04733D3522FAEA380085756A /* CBA_배경.png */,
				04FD7C6622E7707E00B04F2A /* 불편접수.png */,
				048A3FCD22CFD77500CCEC20 /* CBA가로배너.png */,
				0426D78522CCB6D1006C111A /* 하단 */,
				0426D78B22CCB6D1006C111A /* 상단 */,
				0426D78F22CCB6D1006C111A /* 중앙 */,
			);
			name = "19_여름_메인";
			path = "19_여름_메인";
			sourceTree = "<group>";
		};
		0426D78522CCB6D1006C111A /* 하단 */ = {
			isa = PBXGroup;
			children = (
				04733D2F22FAEA000085756A /* 제목-없음-1.png */,
				04733D2D22FAEA000085756A /* CALL.png */,
				04733D2C22FAEA000085756A /* GBS.png */,
				04733D2E22FAEA000085756A /* ONAIR.png */,
				04733D2B22FAEA000085756A /* TIMETABLE.png */,
			);
			path = "하단";
			sourceTree = "<group>";
		};
		0426D78B22CCB6D1006C111A /* 상단 */ = {
			isa = PBXGroup;
			children = (
				0442A2CE22EB45970035EA9A /* CBA1.png */,
				044A47A122E3830700249822 /* CBA.png */,
				0426D78D22CCB6D1006C111A /* 메뉴.png */,
				0426D78E22CCB6D1006C111A /* 로고.png */,
			);
			path = "상단";
			sourceTree = "<group>";
		};
		0426D78F22CCB6D1006C111A /* 중앙 */ = {
			isa = PBXGroup;
			children = (
				0426D79022CCB6D1006C111A /* 알림판.png */,
				0426D79122CCB6D1006C111A /* 배너.png */,
			);
			path = "중앙";
			sourceTree = "<group>";
		};
		042761BE2106E41400928EB7 = {
			isa = PBXGroup;
			children = (
				DBF11FAE211B358500EE9B98 /* InformationPosters */,
				DB764E48210C8722006E72EB /* font */,
				04E3728421071B0300FB7304 /* Resource */,
				042761C92106E41400928EB7 /* CBACampProject */,
				042761DE2106E41600928EB7 /* CBACampProjectTests */,
				042761E92106E41600928EB7 /* CBACampProjectUITests */,
				042761C82106E41400928EB7 /* Products */,
				3996BEB8FA1837B4108E54E1 /* Frameworks */,
				AF3AD312E97CB19F85AA6016 /* Pods */,
			);
			sourceTree = "<group>";
		};
		042761C82106E41400928EB7 /* Products */ = {
			isa = PBXGroup;
			children = (
				042761C72106E41400928EB7 /* CBACampProject.app */,
				042761DB2106E41600928EB7 /* CBACampProjectTests.xctest */,
				042761E62106E41600928EB7 /* CBACampProjectUITests.xctest */,
			);
			name = Products;
			sourceTree = "<group>";
		};
		042761C92106E41400928EB7 /* CBACampProject */ = {
			isa = PBXGroup;
			children = (
				049F94D62464696500324912 /* Controller */,
				049F94D52464695800324912 /* View */,
				E1959C7D23E5D7E600CAE9AC /* CBACampProjectRelease.entitlements */,
				04F29E5722C08A1A00799F6F /* Model */,
				DB764E55210CA1CD006E72EB /* CBACampProject.entitlements */,
				E1959C7E23E5EA5400CAE9AC /* GoogleService-Info.plist */,
				04F0F54C2109FBD6001B953B /* UIView+SimpleAnimation.swift */,
				042761CA2106E41400928EB7 /* AppDelegate.swift */,
				042761CE2106E41400928EB7 /* Main.storyboard */,
				042761D12106E41600928EB7 /* Assets.xcassets */,
				042761D32106E41600928EB7 /* LaunchScreen.storyboard */,
				042761D62106E41600928EB7 /* Info.plist */,
				04E3727E2107106A00FB7304 /* ScheduleTabViewController.swift */,
				04E372802107146F00FB7304 /* MassageTabViewController.swift */,
				04E372822107148C00FB7304 /* CBAInfoTabViewController.swift */,
				046C83A2210984AA00176FDE /* MapViewController.swift */,
				043A7FF7219A721C00451CE0 /* AuthViewController.swift */,
				04950AA921E508CD00213D42 /* SendMessageViewController.swift */,
				04F925EB21E84DF400C4F6CA /* SearchGBSViewController.swift */,
				048AF660224B853E00A8D7AD /* CheckViewController.swift */,
				04F09B2C22D870B9006A604E /* NoticeViewController.swift */,
				04F09B3022D8DB51006A604E /* ImageViewController.swift */,
				042A0DA322DC36CC00DEE34C /* YoutubeViewController.swift */,
				04733D3722FB19A10085756A /* StreamingViewController.swift */,
				0404F7D02289A06C00B527F0 /* AttendanceViewController.swift */,
				049F94DA246478C400324912 /* GBSAttandanceController.swift */,
			);
			path = CBACampProject;
			sourceTree = "<group>";
		};
		042761DE2106E41600928EB7 /* CBACampProjectTests */ = {
			isa = PBXGroup;
			children = (
				042761DF2106E41600928EB7 /* CBACampProjectTests.swift */,
				042761E12106E41600928EB7 /* Info.plist */,
			);
			path = CBACampProjectTests;
			sourceTree = "<group>";
		};
		042761E92106E41600928EB7 /* CBACampProjectUITests */ = {
			isa = PBXGroup;
			children = (
				042761EA2106E41600928EB7 /* CBACampProjectUITests.swift */,
				042761EC2106E41600928EB7 /* Info.plist */,
			);
			path = CBACampProjectUITests;
			sourceTree = "<group>";
		};
		049F94D52464695800324912 /* View */ = {
			isa = PBXGroup;
			children = (
				049F94D724646C5D00324912 /* CheckView.swift */,
			);
			path = View;
			sourceTree = "<group>";
		};
		049F94D62464696500324912 /* Controller */ = {
			isa = PBXGroup;
			children = (
			);
			path = Controller;
			sourceTree = "<group>";
		};
		04AE0EA422D97CCE00A9F1F2 /* 메세지 */ = {
			isa = PBXGroup;
			children = (
				04AE0EB822D997D400A9F1F2 /* 성락아이콘.png */,
				04AE0EA622D97CCE00A9F1F2 /* 하단 */,
				04AE0EA822D97CCE00A9F1F2 /* 상단 */,
				04AE0EAC22D97CCE00A9F1F2 /* 중앙 */,
			);
			path = "메세지";
			sourceTree = "<group>";
		};
		04AE0EA622D97CCE00A9F1F2 /* 하단 */ = {
			isa = PBXGroup;
			children = (
				04AE0EA722D97CCE00A9F1F2 /* 메세지-아이콘.png */,
			);
			path = "하단";
			sourceTree = "<group>";
		};
		04AE0EA822D97CCE00A9F1F2 /* 상단 */ = {
			isa = PBXGroup;
			children = (
				04AE0EA922D97CCE00A9F1F2 /* 아이폰.png */,
				04AE0EAA22D97CCE00A9F1F2 /* 안드로이드.png */,
				04AE0EAB22D97CCE00A9F1F2 /* Q&A.png */,
			);
			path = "상단";
			sourceTree = "<group>";
		};
		04AE0EAC22D97CCE00A9F1F2 /* 중앙 */ = {
			isa = PBXGroup;
			children = (
				04AE0EAD22D97CCE00A9F1F2 /* 내가-보낼때.png */,
				04AE0EAE22D97CCE00A9F1F2 /* 다른-영혼이-보낼때.png */,
				04AE0EAF22D97CCE00A9F1F2 /* 본부에서보낼때.png */,
			);
			path = "중앙";
			sourceTree = "<group>";
		};
		04E3728421071B0300FB7304 /* Resource */ = {
			isa = PBXGroup;
			children = (
				04EFDCD124D47974007760D9 /* 2020Summer */,
				044A47A322E3938400249822 /* Assets.xcassets */,
				04AE0EA422D97CCE00A9F1F2 /* 메세지 */,
				04E7FFEC22D4ADD600E87AE9 /* 사이드바 */,
				04E7FFCE22D3924C00E87AE9 /* 19_몽산포 */,
				DBF11FD1211B524400EE9B98 /* 이미지준비중.png */,
				0493A096246C53930047CD7D /* Harmony_Sidebar.png */,
				0442A2CC22EB43590035EA9A /* cancel.png */,
				DB3A886B210E54FD00E6DA14 /* 이미지준비중.jpg */,
				DB764E5E210E0A3D006E72EB /* applybutton.png */,
				DB764E56210CB9A1006E72EB /* Icon-60@3x.png */,
				044A479922E37CC000249822 /* 준비중.png */,
				DB764E53210C98FD006E72EB /* refresh.png */,
				DB764E42210C7206006E72EB /* profile.png */,
				04FC00D1210AEC0000528D7A /* Blank.png */,
				04733D2822FA87E50085756A /* 조원.png */,
				04733D2722FA87E40085756A /* 조장.png */,
				04FC00D3210AEC0000528D7A /* CampBackground.jpeg */,
				04FC00DB210AEC0100528D7A /* CBA.jpeg */,
				044A479722E37CA000249822 /* 메세지-아이콘.png */,
				04FC00D0210AEC0000528D7A /* hamberger.png */,
				04FC00D4210AEC0000528D7A /* hamgerger2.png */,
				04FC00D7210AEC0000528D7A /* Heart.png */,
				044039B3247BAD3400D6FA97 /* left.png */,
				044039B2247BAD3400D6FA97 /* right.png */,
				044039B8247BAE6900D6FA97 /* trash.png */,
				044039BA247BAF1C00D6FA97 /* stop.png */,
				044039B6247BAE6300D6FA97 /* portable-document-format.png */,
			);
			path = Resource;
			sourceTree = "<group>";
		};
		04E7FFCE22D3924C00E87AE9 /* 19_몽산포 */ = {
			isa = PBXGroup;
			children = (
				0426D78422CCB6D1006C111A /* 19_여름_메인 */,
				04E7FFD922D3927700E87AE9 /* 상단 */,
				04E7FFDD22D3927700E87AE9 /* 중앙 */,
				04E7FFD322D3927700E87AE9 /* 하단 */,
				04E7FFCF22D3925900E87AE9 /* 몽산포_가로배너.png */,
				04468FA122EC37E100E63183 /* 몽산포_사이드바배너.png */,
				04E7FFEA22D3928500E87AE9 /* 몽산포_산호.jpeg */,
				04F09B2E22D8D224006A604E /* 몽산포_배경.png */,
			);
			name = "19_몽산포";
			path = "19_몽산포";
			sourceTree = "<group>";
		};
		04E7FFD322D3927700E87AE9 /* 하단 */ = {
			isa = PBXGroup;
			children = (
				04E7FFD422D3927700E87AE9 /* bottom_1.png */,
				04E7FFD522D3927700E87AE9 /* bottom_3.png */,
				04E7FFD622D3927700E87AE9 /* bottom_2.png */,
				04E7FFD722D3927700E87AE9 /* bottom_5.png */,
				04E7FFD822D3927700E87AE9 /* bottom_4.png */,
			);
			path = "하단";
			sourceTree = "<group>";
		};
		04E7FFD922D3927700E87AE9 /* 상단 */ = {
			isa = PBXGroup;
			children = (
				04E7FFDA22D3927700E87AE9 /* 메뉴.png */,
				04E7FFDB22D3927700E87AE9 /* 로고.png */,
				04E7FFDC22D3927700E87AE9 /* 몽산포.png */,
			);
			path = "상단";
			sourceTree = "<group>";
		};
		04E7FFDD22D3927700E87AE9 /* 중앙 */ = {
			isa = PBXGroup;
			children = (
				04E7FFDE22D3927700E87AE9 /* 알림판.png */,
				04E7FFDF22D3927700E87AE9 /* 몽산포_배너.png */,
			);
			path = "중앙";
			sourceTree = "<group>";
		};
		04E7FFEC22D4ADD600E87AE9 /* 사이드바 */ = {
			isa = PBXGroup;
			children = (
				04F09B2522D78B72006A604E /* 선택항목 */,
				04E7FFEE22D4ADD600E87AE9 /* 박스 */,
				04E7FFF322D4ADD600E87AE9 /* 화살표.png */,
			);
			path = "사이드바";
			sourceTree = "<group>";
		};
		04E7FFEE22D4ADD600E87AE9 /* 박스 */ = {
			isa = PBXGroup;
			children = (
				04E7FFEF22D4ADD600E87AE9 /* 로그아웃.png */,
				04E7FFF022D4ADD600E87AE9 /* 제목-없음-2.png */,
				04E7FFF122D4ADD600E87AE9 /* 막대.png */,
				04E7FFF222D4ADD600E87AE9 /* 로그인.png */,
			);
			path = "박스";
			sourceTree = "<group>";
		};
		04EFDCD124D47974007760D9 /* 2020Summer */ = {
			isa = PBXGroup;
			children = (
			);
			path = 2020Summer;
			sourceTree = "<group>";
		};
		04F09B2522D78B72006A604E /* 선택항목 */ = {
			isa = PBXGroup;
			children = (
				04F09B2622D78B72006A604E /* CBA선택.png */,
				044A479122E3208E00249822 /* 몽산포선택.png */,
				04F09B2722D78B72006A604E /* 몽산포선택1.png */,
			);
			path = "선택항목";
			sourceTree = "<group>";
		};
		04F29E5722C08A1A00799F6F /* Model */ = {
			isa = PBXGroup;
			children = (
				DB764E51210C8A2E006E72EB /* FirebaseModel.swift */,
				04FD79EF21F87C8100936F87 /* MainUser.swift */,
				04955EFA210A24320057FD68 /* MainLocation.swift */,
				DB3A8867210E3A7000E6DA14 /* MainMessage.swift */,
				04FD79F221F8857400936F87 /* MainGBS.swift */,
				0404F7D22289ADA100B527F0 /* MainAttendance.swift */,
				04A9638E22D59D1E00CE91F6 /* MainAgency.swift */,
			);
			path = Model;
			sourceTree = "<group>";
		};
		3996BEB8FA1837B4108E54E1 /* Frameworks */ = {
			isa = PBXGroup;
			children = (
				04FCBCB322C7AA9800FAC5F6 /* ImageSlideshow.framework */,
				04FCBCB122C77F1600FAC5F6 /* ImageSlideShowSwift.framework */,
				04FCBCAF22C7766900FAC5F6 /* ImageSlideshow.framework */,
				04E47F8F22C0F7F000974F5C /* SwiftyJSON.framework */,
				04F29E5522C0893300799F6F /* Alamofire.framework */,
				04F29E5122C0889D00799F6F /* Alamofire.framework */,
				04FD21812ADFB4FE3EAC6541 /* Pods_CBACampProject.framework */,
				4CF09DD718597AAA96148BD8 /* Pods_CBACampProjectTests.framework */,
				F8D2F86E3A2F0AD34F90D79C /* Pods_CBACampProjectUITests.framework */,
			);
			name = Frameworks;
			sourceTree = "<group>";
		};
		AF3AD312E97CB19F85AA6016 /* Pods */ = {
			isa = PBXGroup;
			children = (
				C4AECE81A533AE88AE91791D /* Pods-CBACampProject.debug.xcconfig */,
				F1259F087ED8F4BA9808592E /* Pods-CBACampProject.release.xcconfig */,
				140F3A965A68B4B4E6D06E43 /* Pods-CBACampProjectTests.debug.xcconfig */,
				AE89BEB243B28E666769DFB6 /* Pods-CBACampProjectTests.release.xcconfig */,
				3B80A3468F0519CF7144BABF /* Pods-CBACampProjectUITests.debug.xcconfig */,
				9A85F1EFF685C168B29644D0 /* Pods-CBACampProjectUITests.release.xcconfig */,
			);
			path = Pods;
			sourceTree = "<group>";
		};
		DB764E48210C8722006E72EB /* font */ = {
			isa = PBXGroup;
			children = (
				DB764E4A210C873F006E72EB /* NotoSans-Bold.ttf */,
				DB764E49210C873F006E72EB /* NotoSans-Regular.ttf */,
				DB764E4C210C873F006E72EB /* NotoSansKR_Regular.woff */,
				DB764E4B210C873F006E72EB /* NotoSansUI-Regular.ttf */,
			);
			path = font;
			sourceTree = "<group>";
		};
		DBF11FAE211B358500EE9B98 /* InformationPosters */ = {
			isa = PBXGroup;
			children = (
				04EFDCD424D47990007760D9 /* 2020Summer_BaseImage.png */,
				04EFDCD224D47990007760D9 /* 2020Summer_SelectImage.png */,
				04EFDCD324D47990007760D9 /* 2020Summer_BackImage__.png */,
				E1959C7123DAE4C700CAE9AC /* 2020Summer_BackImage.png */,
			);
			path = InformationPosters;
			sourceTree = "<group>";
		};
/* End PBXGroup section */

/* Begin PBXNativeTarget section */
		042761C62106E41400928EB7 /* CBACampProject */ = {
			isa = PBXNativeTarget;
			buildConfigurationList = 042761EF2106E41600928EB7 /* Build configuration list for PBXNativeTarget "CBACampProject" */;
			buildPhases = (
				4C5EFE78B67BABB1714CC90E /* [CP] Check Pods Manifest.lock */,
				042761C32106E41400928EB7 /* Sources */,
				042761C42106E41400928EB7 /* Frameworks */,
				042761C52106E41400928EB7 /* Resources */,
				9ED501F962A105B45A387B18 /* [CP] Embed Pods Frameworks */,
				90A6FA2B5B53F3F3430879A3 /* [CP] Copy Pods Resources */,
			);
			buildRules = (
			);
			dependencies = (
			);
			name = CBACampProject;
			productName = CBACampProject;
			productReference = 042761C72106E41400928EB7 /* CBACampProject.app */;
			productType = "com.apple.product-type.application";
		};
		042761DA2106E41600928EB7 /* CBACampProjectTests */ = {
			isa = PBXNativeTarget;
			buildConfigurationList = 042761F22106E41600928EB7 /* Build configuration list for PBXNativeTarget "CBACampProjectTests" */;
			buildPhases = (
				9053CC0B039597C39E82D119 /* [CP] Check Pods Manifest.lock */,
				042761D72106E41600928EB7 /* Sources */,
				042761D82106E41600928EB7 /* Frameworks */,
				042761D92106E41600928EB7 /* Resources */,
				EE46FEEAA445077BBB034C13 /* [CP] Embed Pods Frameworks */,
			);
			buildRules = (
			);
			dependencies = (
				042761DD2106E41600928EB7 /* PBXTargetDependency */,
			);
			name = CBACampProjectTests;
			productName = CBACampProjectTests;
			productReference = 042761DB2106E41600928EB7 /* CBACampProjectTests.xctest */;
			productType = "com.apple.product-type.bundle.unit-test";
		};
		042761E52106E41600928EB7 /* CBACampProjectUITests */ = {
			isa = PBXNativeTarget;
			buildConfigurationList = 042761F52106E41600928EB7 /* Build configuration list for PBXNativeTarget "CBACampProjectUITests" */;
			buildPhases = (
				6ACDE3710ED547CE6C7688EC /* [CP] Check Pods Manifest.lock */,
				042761E22106E41600928EB7 /* Sources */,
				042761E32106E41600928EB7 /* Frameworks */,
				042761E42106E41600928EB7 /* Resources */,
				D0405FB02672CD31DED504B4 /* [CP] Embed Pods Frameworks */,
			);
			buildRules = (
			);
			dependencies = (
				042761E82106E41600928EB7 /* PBXTargetDependency */,
			);
			name = CBACampProjectUITests;
			productName = CBACampProjectUITests;
			productReference = 042761E62106E41600928EB7 /* CBACampProjectUITests.xctest */;
			productType = "com.apple.product-type.bundle.ui-testing";
		};
/* End PBXNativeTarget section */

/* Begin PBXProject section */
		042761BF2106E41400928EB7 /* Project object */ = {
			isa = PBXProject;
			attributes = {
				LastSwiftUpdateCheck = 0940;
				LastUpgradeCheck = 1010;
				ORGANIZATIONNAME = mac;
				TargetAttributes = {
					042761C62106E41400928EB7 = {
						CreatedOnToolsVersion = 9.4.1;
						LastSwiftMigration = 1010;
						ProvisioningStyle = Automatic;
						SystemCapabilities = {
							com.apple.BackgroundModes = {
								enabled = 1;
							};
							com.apple.Push = {
								enabled = 1;
							};
						};
					};
					042761DA2106E41600928EB7 = {
						CreatedOnToolsVersion = 9.4.1;
						ProvisioningStyle = Automatic;
						TestTargetID = 042761C62106E41400928EB7;
					};
					042761E52106E41600928EB7 = {
						CreatedOnToolsVersion = 9.4.1;
						ProvisioningStyle = Automatic;
						TestTargetID = 042761C62106E41400928EB7;
					};
				};
			};
			buildConfigurationList = 042761C22106E41400928EB7 /* Build configuration list for PBXProject "CBACampProject" */;
			compatibilityVersion = "Xcode 8.0";
			developmentRegion = en;
			hasScannedForEncodings = 0;
			knownRegions = (
				en,
				Base,
			);
			mainGroup = 042761BE2106E41400928EB7;
			productRefGroup = 042761C82106E41400928EB7 /* Products */;
			projectDirPath = "";
			projectRoot = "";
			targets = (
				042761C62106E41400928EB7 /* CBACampProject */,
				042761DA2106E41600928EB7 /* CBACampProjectTests */,
				042761E52106E41600928EB7 /* CBACampProjectUITests */,
			);
		};
/* End PBXProject section */

/* Begin PBXResourcesBuildPhase section */
		042761C52106E41400928EB7 /* Resources */ = {
			isa = PBXResourcesBuildPhase;
			buildActionMask = 2147483647;
			files = (
				04E7FFF822D4ADD600E87AE9 /* 로그인.png in Resources */,
				04E7FFE722D3927700E87AE9 /* 몽산포.png in Resources */,
				044039B7247BAE6300D6FA97 /* portable-document-format.png in Resources */,
				04FD7C6722E7707E00B04F2A /* 불편접수.png in Resources */,
				04E7FFF722D4ADD600E87AE9 /* 막대.png in Resources */,
				04FC00E9210AEC0100528D7A /* Heart.png in Resources */,
				DB764E4E210C87EA006E72EB /* NotoSans-Regular.ttf in Resources */,
				DB764E5F210E0A3D006E72EB /* applybutton.png in Resources */,
				048A3FCE22CFD77500CCEC20 /* CBA가로배너.png in Resources */,
				042761D52106E41600928EB7 /* LaunchScreen.storyboard in Resources */,
				0493A097246C53930047CD7D /* Harmony_Sidebar.png in Resources */,
				04E7FFF522D4ADD600E87AE9 /* 로그아웃.png in Resources */,
				04E7FFEB22D3928500E87AE9 /* 몽산포_산호.jpeg in Resources */,
				04AE0EB722D97CCE00A9F1F2 /* 본부에서보낼때.png in Resources */,
				04E7FFE122D3927700E87AE9 /* bottom_3.png in Resources */,
				04733D2A22FA87E50085756A /* 조원.png in Resources */,
				04468FA222EC37E200E63183 /* 몽산포_사이드바배너.png in Resources */,
				04733D3022FAEA000085756A /* TIMETABLE.png in Resources */,
				04AE0EB522D97CCE00A9F1F2 /* 내가-보낼때.png in Resources */,
				04AE0EB222D97CCE00A9F1F2 /* 아이폰.png in Resources */,
				DB764E57210CB9A1006E72EB /* Icon-60@3x.png in Resources */,
				044A479222E3208E00249822 /* 몽산포선택.png in Resources */,
				044A47A222E3830800249822 /* CBA.png in Resources */,
				DB764E4F210C87EA006E72EB /* NotoSansKR_Regular.woff in Resources */,
				044039B4247BAD3400D6FA97 /* right.png in Resources */,
				042761D22106E41600928EB7 /* Assets.xcassets in Resources */,
				DBF11FD2211B524400EE9B98 /* 이미지준비중.png in Resources */,
				04AE0EB122D97CCE00A9F1F2 /* 메세지-아이콘.png in Resources */,
				044A47A422E3938500249822 /* Assets.xcassets in Resources */,
				E1959C7F23E5EA5500CAE9AC /* GoogleService-Info.plist in Resources */,
				04E7FFE322D3927700E87AE9 /* bottom_5.png in Resources */,
				04EFDCD524D47990007760D9 /* 2020Summer_SelectImage.png in Resources */,
				04E7FFF622D4ADD600E87AE9 /* 제목-없음-2.png in Resources */,
				044039B5247BAD3400D6FA97 /* left.png in Resources */,
				0442A2CD22EB43590035EA9A /* cancel.png in Resources */,
				DB764E54210C98FD006E72EB /* refresh.png in Resources */,
				0442A2CF22EB45970035EA9A /* CBA1.png in Resources */,
				044039B9247BAE6900D6FA97 /* trash.png in Resources */,
				04E7FFD022D3925900E87AE9 /* 몽산포_가로배너.png in Resources */,
				04FC00E2210AEC0100528D7A /* hamberger.png in Resources */,
				04AE0EB322D97CCE00A9F1F2 /* 안드로이드.png in Resources */,
				04FC00ED210AEC0100528D7A /* CBA.jpeg in Resources */,
				042761D02106E41400928EB7 /* Main.storyboard in Resources */,
				DB3A886C210E54FD00E6DA14 /* 이미지준비중.jpg in Resources */,
				04F09B2922D78B72006A604E /* 몽산포선택1.png in Resources */,
				04733D3622FAEA380085756A /* CBA_배경.png in Resources */,
				04733D3222FAEA000085756A /* CALL.png in Resources */,
				04E7FFE222D3927700E87AE9 /* bottom_2.png in Resources */,
				04733D3322FAEA000085756A /* ONAIR.png in Resources */,
				04EFDCD724D47990007760D9 /* 2020Summer_BaseImage.png in Resources */,
				04FC00E5210AEC0100528D7A /* CampBackground.jpeg in Resources */,
				04E7FFE622D3927700E87AE9 /* 로고.png in Resources */,
				04E7FFE422D3927700E87AE9 /* bottom_4.png in Resources */,
				04AE0EB622D97CCE00A9F1F2 /* 다른-영혼이-보낼때.png in Resources */,
				04F09B2F22D8D224006A604E /* 몽산포_배경.png in Resources */,
				04AE0EB422D97CCE00A9F1F2 /* Q&A.png in Resources */,
				DB764E50210C87EA006E72EB /* NotoSansUI-Regular.ttf in Resources */,
				DB764E43210C7207006E72EB /* profile.png in Resources */,
				04E7FFE922D3927700E87AE9 /* 몽산포_배너.png in Resources */,
				04E7FFE022D3927700E87AE9 /* bottom_1.png in Resources */,
				04733D2922FA87E50085756A /* 조장.png in Resources */,
				04EFDCD624D47990007760D9 /* 2020Summer_BackImage__.png in Resources */,
				04E7FFE822D3927700E87AE9 /* 알림판.png in Resources */,
				04FC00E3210AEC0100528D7A /* Blank.png in Resources */,
				0426D79B22CCB6D3006C111A /* 배너.png in Resources */,
				04AE0EB922D997D400A9F1F2 /* 성락아이콘.png in Resources */,
				04733D3422FAEA000085756A /* 제목-없음-1.png in Resources */,
				DB764E4D210C87EA006E72EB /* NotoSans-Bold.ttf in Resources */,
				04FC00E6210AEC0100528D7A /* hamgerger2.png in Resources */,
				044039BB247BAF1C00D6FA97 /* stop.png in Resources */,
				04733D3122FAEA000085756A /* GBS.png in Resources */,
				04E7FFE522D3927700E87AE9 /* 메뉴.png in Resources */,
				04E7FFF922D4ADD600E87AE9 /* 화살표.png in Resources */,
				044A479A22E37CC000249822 /* 준비중.png in Resources */,
				04F09B2822D78B72006A604E /* CBA선택.png in Resources */,
				E1959C7523DAE4C800CAE9AC /* 2020Summer_BackImage.png in Resources */,
			);
			runOnlyForDeploymentPostprocessing = 0;
		};
		042761D92106E41600928EB7 /* Resources */ = {
			isa = PBXResourcesBuildPhase;
			buildActionMask = 2147483647;
			files = (
			);
			runOnlyForDeploymentPostprocessing = 0;
		};
		042761E42106E41600928EB7 /* Resources */ = {
			isa = PBXResourcesBuildPhase;
			buildActionMask = 2147483647;
			files = (
			);
			runOnlyForDeploymentPostprocessing = 0;
		};
/* End PBXResourcesBuildPhase section */

/* Begin PBXShellScriptBuildPhase section */
		4C5EFE78B67BABB1714CC90E /* [CP] Check Pods Manifest.lock */ = {
			isa = PBXShellScriptBuildPhase;
			buildActionMask = 2147483647;
			files = (
			);
			inputFileListPaths = (
			);
			inputPaths = (
				"${PODS_PODFILE_DIR_PATH}/Podfile.lock",
				"${PODS_ROOT}/Manifest.lock",
			);
			name = "[CP] Check Pods Manifest.lock";
			outputFileListPaths = (
			);
			outputPaths = (
				"$(DERIVED_FILE_DIR)/Pods-CBACampProject-checkManifestLockResult.txt",
			);
			runOnlyForDeploymentPostprocessing = 0;
			shellPath = /bin/sh;
			shellScript = "diff \"${PODS_PODFILE_DIR_PATH}/Podfile.lock\" \"${PODS_ROOT}/Manifest.lock\" > /dev/null\nif [ $? != 0 ] ; then\n    # print error to STDERR\n    echo \"error: The sandbox is not in sync with the Podfile.lock. Run 'pod install' or update your CocoaPods installation.\" >&2\n    exit 1\nfi\n# This output is used by Xcode 'outputs' to avoid re-running this script phase.\necho \"SUCCESS\" > \"${SCRIPT_OUTPUT_FILE_0}\"\n";
			showEnvVarsInLog = 0;
		};
		6ACDE3710ED547CE6C7688EC /* [CP] Check Pods Manifest.lock */ = {
			isa = PBXShellScriptBuildPhase;
			buildActionMask = 2147483647;
			files = (
			);
			inputFileListPaths = (
			);
			inputPaths = (
				"${PODS_PODFILE_DIR_PATH}/Podfile.lock",
				"${PODS_ROOT}/Manifest.lock",
			);
			name = "[CP] Check Pods Manifest.lock";
			outputFileListPaths = (
			);
			outputPaths = (
				"$(DERIVED_FILE_DIR)/Pods-CBACampProjectUITests-checkManifestLockResult.txt",
			);
			runOnlyForDeploymentPostprocessing = 0;
			shellPath = /bin/sh;
			shellScript = "diff \"${PODS_PODFILE_DIR_PATH}/Podfile.lock\" \"${PODS_ROOT}/Manifest.lock\" > /dev/null\nif [ $? != 0 ] ; then\n    # print error to STDERR\n    echo \"error: The sandbox is not in sync with the Podfile.lock. Run 'pod install' or update your CocoaPods installation.\" >&2\n    exit 1\nfi\n# This output is used by Xcode 'outputs' to avoid re-running this script phase.\necho \"SUCCESS\" > \"${SCRIPT_OUTPUT_FILE_0}\"\n";
			showEnvVarsInLog = 0;
		};
		9053CC0B039597C39E82D119 /* [CP] Check Pods Manifest.lock */ = {
			isa = PBXShellScriptBuildPhase;
			buildActionMask = 2147483647;
			files = (
			);
			inputFileListPaths = (
			);
			inputPaths = (
				"${PODS_PODFILE_DIR_PATH}/Podfile.lock",
				"${PODS_ROOT}/Manifest.lock",
			);
			name = "[CP] Check Pods Manifest.lock";
			outputFileListPaths = (
			);
			outputPaths = (
				"$(DERIVED_FILE_DIR)/Pods-CBACampProjectTests-checkManifestLockResult.txt",
			);
			runOnlyForDeploymentPostprocessing = 0;
			shellPath = /bin/sh;
			shellScript = "diff \"${PODS_PODFILE_DIR_PATH}/Podfile.lock\" \"${PODS_ROOT}/Manifest.lock\" > /dev/null\nif [ $? != 0 ] ; then\n    # print error to STDERR\n    echo \"error: The sandbox is not in sync with the Podfile.lock. Run 'pod install' or update your CocoaPods installation.\" >&2\n    exit 1\nfi\n# This output is used by Xcode 'outputs' to avoid re-running this script phase.\necho \"SUCCESS\" > \"${SCRIPT_OUTPUT_FILE_0}\"\n";
			showEnvVarsInLog = 0;
		};
		90A6FA2B5B53F3F3430879A3 /* [CP] Copy Pods Resources */ = {
			isa = PBXShellScriptBuildPhase;
			buildActionMask = 2147483647;
			files = (
			);
			inputPaths = (
				"${PODS_ROOT}/Target Support Files/Pods-CBACampProject/Pods-CBACampProject-resources.sh",
				"${PODS_ROOT}/GoogleSignIn/Resources/GoogleSignIn.bundle",
			);
			name = "[CP] Copy Pods Resources";
			outputPaths = (
				"${TARGET_BUILD_DIR}/${UNLOCALIZED_RESOURCES_FOLDER_PATH}/GoogleSignIn.bundle",
			);
			runOnlyForDeploymentPostprocessing = 0;
			shellPath = /bin/sh;
			shellScript = "\"${PODS_ROOT}/Target Support Files/Pods-CBACampProject/Pods-CBACampProject-resources.sh\"\n";
			showEnvVarsInLog = 0;
		};
		9ED501F962A105B45A387B18 /* [CP] Embed Pods Frameworks */ = {
			isa = PBXShellScriptBuildPhase;
			buildActionMask = 2147483647;
			files = (
			);
			inputPaths = (
				"${PODS_ROOT}/Target Support Files/Pods-CBACampProject/Pods-CBACampProject-frameworks.sh",
				"${BUILT_PRODUCTS_DIR}/Alamofire/Alamofire.framework",
				"${BUILT_PRODUCTS_DIR}/AppAuth/AppAuth.framework",
				"${BUILT_PRODUCTS_DIR}/Cartography/Cartography.framework",
				"${BUILT_PRODUCTS_DIR}/GTMAppAuth/GTMAppAuth.framework",
				"${BUILT_PRODUCTS_DIR}/GTMSessionFetcher/GTMSessionFetcher.framework",
				"${BUILT_PRODUCTS_DIR}/GoogleUtilities/GoogleUtilities.framework",
				"${BUILT_PRODUCTS_DIR}/ImageSlideshow/ImageSlideshow.framework",
				"${BUILT_PRODUCTS_DIR}/Kingfisher/Kingfisher.framework",
				"${BUILT_PRODUCTS_DIR}/MBRadioCheckboxButton/MBRadioCheckboxButton.framework",
				"${BUILT_PRODUCTS_DIR}/MenuSlider/MenuSlider.framework",
				"${BUILT_PRODUCTS_DIR}/PopupViewController/PopupViewController.framework",
				"${BUILT_PRODUCTS_DIR}/PromisesObjC/FBLPromises.framework",
				"${BUILT_PRODUCTS_DIR}/Protobuf/protobuf.framework",
				"${BUILT_PRODUCTS_DIR}/Realm/Realm.framework",
				"${BUILT_PRODUCTS_DIR}/RealmSwift/RealmSwift.framework",
				"${BUILT_PRODUCTS_DIR}/SimpleAnimation/SimpleAnimation.framework",
				"${BUILT_PRODUCTS_DIR}/SnapKit/SnapKit.framework",
				"${BUILT_PRODUCTS_DIR}/SwiftyJSON/SwiftyJSON.framework",
				"${BUILT_PRODUCTS_DIR}/TextFieldEffects/TextFieldEffects.framework",
				"${BUILT_PRODUCTS_DIR}/YoutubePlayer-in-WKWebView/YoutubePlayer_in_WKWebView.framework",
				"${BUILT_PRODUCTS_DIR}/leveldb-library/leveldb.framework",
				"${BUILT_PRODUCTS_DIR}/nanopb/nanopb.framework",
			);
			name = "[CP] Embed Pods Frameworks";
			outputPaths = (
				"${TARGET_BUILD_DIR}/${FRAMEWORKS_FOLDER_PATH}/Alamofire.framework",
				"${TARGET_BUILD_DIR}/${FRAMEWORKS_FOLDER_PATH}/AppAuth.framework",
				"${TARGET_BUILD_DIR}/${FRAMEWORKS_FOLDER_PATH}/Cartography.framework",
				"${TARGET_BUILD_DIR}/${FRAMEWORKS_FOLDER_PATH}/GTMAppAuth.framework",
				"${TARGET_BUILD_DIR}/${FRAMEWORKS_FOLDER_PATH}/GTMSessionFetcher.framework",
				"${TARGET_BUILD_DIR}/${FRAMEWORKS_FOLDER_PATH}/GoogleUtilities.framework",
				"${TARGET_BUILD_DIR}/${FRAMEWORKS_FOLDER_PATH}/ImageSlideshow.framework",
				"${TARGET_BUILD_DIR}/${FRAMEWORKS_FOLDER_PATH}/Kingfisher.framework",
				"${TARGET_BUILD_DIR}/${FRAMEWORKS_FOLDER_PATH}/MBRadioCheckboxButton.framework",
				"${TARGET_BUILD_DIR}/${FRAMEWORKS_FOLDER_PATH}/MenuSlider.framework",
				"${TARGET_BUILD_DIR}/${FRAMEWORKS_FOLDER_PATH}/PopupViewController.framework",
				"${TARGET_BUILD_DIR}/${FRAMEWORKS_FOLDER_PATH}/FBLPromises.framework",
				"${TARGET_BUILD_DIR}/${FRAMEWORKS_FOLDER_PATH}/protobuf.framework",
				"${TARGET_BUILD_DIR}/${FRAMEWORKS_FOLDER_PATH}/Realm.framework",
				"${TARGET_BUILD_DIR}/${FRAMEWORKS_FOLDER_PATH}/RealmSwift.framework",
				"${TARGET_BUILD_DIR}/${FRAMEWORKS_FOLDER_PATH}/SimpleAnimation.framework",
				"${TARGET_BUILD_DIR}/${FRAMEWORKS_FOLDER_PATH}/SnapKit.framework",
				"${TARGET_BUILD_DIR}/${FRAMEWORKS_FOLDER_PATH}/SwiftyJSON.framework",
				"${TARGET_BUILD_DIR}/${FRAMEWORKS_FOLDER_PATH}/TextFieldEffects.framework",
				"${TARGET_BUILD_DIR}/${FRAMEWORKS_FOLDER_PATH}/YoutubePlayer_in_WKWebView.framework",
				"${TARGET_BUILD_DIR}/${FRAMEWORKS_FOLDER_PATH}/leveldb.framework",
				"${TARGET_BUILD_DIR}/${FRAMEWORKS_FOLDER_PATH}/nanopb.framework",
			);
			runOnlyForDeploymentPostprocessing = 0;
			shellPath = /bin/sh;
			shellScript = "\"${PODS_ROOT}/Target Support Files/Pods-CBACampProject/Pods-CBACampProject-frameworks.sh\"\n";
			showEnvVarsInLog = 0;
		};
		D0405FB02672CD31DED504B4 /* [CP] Embed Pods Frameworks */ = {
			isa = PBXShellScriptBuildPhase;
			buildActionMask = 2147483647;
			files = (
			);
			inputPaths = (
				"${PODS_ROOT}/Target Support Files/Pods-CBACampProjectUITests/Pods-CBACampProjectUITests-frameworks.sh",
				"${BUILT_PRODUCTS_DIR}/SnapKit/SnapKit.framework",
			);
			name = "[CP] Embed Pods Frameworks";
			outputPaths = (
				"${TARGET_BUILD_DIR}/${FRAMEWORKS_FOLDER_PATH}/SnapKit.framework",
			);
			runOnlyForDeploymentPostprocessing = 0;
			shellPath = /bin/sh;
			shellScript = "\"${PODS_ROOT}/Target Support Files/Pods-CBACampProjectUITests/Pods-CBACampProjectUITests-frameworks.sh\"\n";
			showEnvVarsInLog = 0;
		};
		EE46FEEAA445077BBB034C13 /* [CP] Embed Pods Frameworks */ = {
			isa = PBXShellScriptBuildPhase;
			buildActionMask = 2147483647;
			files = (
			);
			inputPaths = (
				"${PODS_ROOT}/Target Support Files/Pods-CBACampProjectTests/Pods-CBACampProjectTests-frameworks.sh",
				"${BUILT_PRODUCTS_DIR}/SnapKit/SnapKit.framework",
			);
			name = "[CP] Embed Pods Frameworks";
			outputPaths = (
				"${TARGET_BUILD_DIR}/${FRAMEWORKS_FOLDER_PATH}/SnapKit.framework",
			);
			runOnlyForDeploymentPostprocessing = 0;
			shellPath = /bin/sh;
			shellScript = "\"${PODS_ROOT}/Target Support Files/Pods-CBACampProjectTests/Pods-CBACampProjectTests-frameworks.sh\"\n";
			showEnvVarsInLog = 0;
		};
/* End PBXShellScriptBuildPhase section */

/* Begin PBXSourcesBuildPhase section */
		042761C32106E41400928EB7 /* Sources */ = {
			isa = PBXSourcesBuildPhase;
			buildActionMask = 2147483647;
			files = (
				049F94D824646C5D00324912 /* CheckView.swift in Sources */,
				04F0F54D2109FBD6001B953B /* UIView+SimpleAnimation.swift in Sources */,
				048AF661224B853E00A8D7AD /* CheckViewController.swift in Sources */,
				049F94DB246478C400324912 /* GBSAttandanceController.swift in Sources */,
				04F09B3122D8DB51006A604E /* ImageViewController.swift in Sources */,
				04955EFB210A24320057FD68 /* MainLocation.swift in Sources */,
				DB764E52210C8A2E006E72EB /* FirebaseModel.swift in Sources */,
				04733D3822FB19A10085756A /* StreamingViewController.swift in Sources */,
				04FD79F321F8857400936F87 /* MainGBS.swift in Sources */,
				0404F7D32289ADA100B527F0 /* MainAttendance.swift in Sources */,
				04FD79F021F87C8100936F87 /* MainUser.swift in Sources */,
				042A0DA422DC36CC00DEE34C /* YoutubeViewController.swift in Sources */,
				042761CB2106E41400928EB7 /* AppDelegate.swift in Sources */,
				04E372812107146F00FB7304 /* MassageTabViewController.swift in Sources */,
				04950AAA21E508CD00213D42 /* SendMessageViewController.swift in Sources */,
				0404F7D12289A06C00B527F0 /* AttendanceViewController.swift in Sources */,
				04A9638F22D59D1E00CE91F6 /* MainAgency.swift in Sources */,
				04E372832107148C00FB7304 /* CBAInfoTabViewController.swift in Sources */,
				043A7FF8219A721C00451CE0 /* AuthViewController.swift in Sources */,
				04F925EC21E84DF400C4F6CA /* SearchGBSViewController.swift in Sources */,
				DB3A8868210E3A7000E6DA14 /* MainMessage.swift in Sources */,
				04F09B2D22D870B9006A604E /* NoticeViewController.swift in Sources */,
				04E3727F2107106A00FB7304 /* ScheduleTabViewController.swift in Sources */,
				046C83A3210984AA00176FDE /* MapViewController.swift in Sources */,
			);
			runOnlyForDeploymentPostprocessing = 0;
		};
		042761D72106E41600928EB7 /* Sources */ = {
			isa = PBXSourcesBuildPhase;
			buildActionMask = 2147483647;
			files = (
				042761E02106E41600928EB7 /* CBACampProjectTests.swift in Sources */,
			);
			runOnlyForDeploymentPostprocessing = 0;
		};
		042761E22106E41600928EB7 /* Sources */ = {
			isa = PBXSourcesBuildPhase;
			buildActionMask = 2147483647;
			files = (
				042761EB2106E41600928EB7 /* CBACampProjectUITests.swift in Sources */,
			);
			runOnlyForDeploymentPostprocessing = 0;
		};
/* End PBXSourcesBuildPhase section */

/* Begin PBXTargetDependency section */
		042761DD2106E41600928EB7 /* PBXTargetDependency */ = {
			isa = PBXTargetDependency;
			target = 042761C62106E41400928EB7 /* CBACampProject */;
			targetProxy = 042761DC2106E41600928EB7 /* PBXContainerItemProxy */;
		};
		042761E82106E41600928EB7 /* PBXTargetDependency */ = {
			isa = PBXTargetDependency;
			target = 042761C62106E41400928EB7 /* CBACampProject */;
			targetProxy = 042761E72106E41600928EB7 /* PBXContainerItemProxy */;
		};
/* End PBXTargetDependency section */

/* Begin PBXVariantGroup section */
		042761CE2106E41400928EB7 /* Main.storyboard */ = {
			isa = PBXVariantGroup;
			children = (
				042761CF2106E41400928EB7 /* Base */,
			);
			name = Main.storyboard;
			sourceTree = "<group>";
		};
		042761D32106E41600928EB7 /* LaunchScreen.storyboard */ = {
			isa = PBXVariantGroup;
			children = (
				042761D42106E41600928EB7 /* Base */,
			);
			name = LaunchScreen.storyboard;
			sourceTree = "<group>";
		};
/* End PBXVariantGroup section */

/* Begin XCBuildConfiguration section */
		042761ED2106E41600928EB7 /* Debug */ = {
			isa = XCBuildConfiguration;
			buildSettings = {
				ALWAYS_SEARCH_USER_PATHS = NO;
				CLANG_ANALYZER_NONNULL = YES;
				CLANG_ANALYZER_NUMBER_OBJECT_CONVERSION = YES_AGGRESSIVE;
				CLANG_CXX_LANGUAGE_STANDARD = "gnu++14";
				CLANG_CXX_LIBRARY = "libc++";
				CLANG_ENABLE_MODULES = YES;
				CLANG_ENABLE_OBJC_ARC = YES;
				CLANG_ENABLE_OBJC_WEAK = YES;
				CLANG_WARN_BLOCK_CAPTURE_AUTORELEASING = YES;
				CLANG_WARN_BOOL_CONVERSION = YES;
				CLANG_WARN_COMMA = YES;
				CLANG_WARN_CONSTANT_CONVERSION = YES;
				CLANG_WARN_DEPRECATED_OBJC_IMPLEMENTATIONS = YES;
				CLANG_WARN_DIRECT_OBJC_ISA_USAGE = YES_ERROR;
				CLANG_WARN_DOCUMENTATION_COMMENTS = YES;
				CLANG_WARN_EMPTY_BODY = YES;
				CLANG_WARN_ENUM_CONVERSION = YES;
				CLANG_WARN_INFINITE_RECURSION = YES;
				CLANG_WARN_INT_CONVERSION = YES;
				CLANG_WARN_NON_LITERAL_NULL_CONVERSION = YES;
				CLANG_WARN_OBJC_IMPLICIT_RETAIN_SELF = YES;
				CLANG_WARN_OBJC_LITERAL_CONVERSION = YES;
				CLANG_WARN_OBJC_ROOT_CLASS = YES_ERROR;
				CLANG_WARN_RANGE_LOOP_ANALYSIS = YES;
				CLANG_WARN_STRICT_PROTOTYPES = YES;
				CLANG_WARN_SUSPICIOUS_MOVE = YES;
				CLANG_WARN_UNGUARDED_AVAILABILITY = YES_AGGRESSIVE;
				CLANG_WARN_UNREACHABLE_CODE = YES;
				CLANG_WARN__DUPLICATE_METHOD_MATCH = YES;
				CODE_SIGN_IDENTITY = "Apple Development";
				COPY_PHASE_STRIP = NO;
				DEBUG_INFORMATION_FORMAT = dwarf;
				DEVELOPMENT_TEAM = ZJXHH5P6P4;
				ENABLE_STRICT_OBJC_MSGSEND = YES;
				ENABLE_TESTABILITY = YES;
				GCC_C_LANGUAGE_STANDARD = gnu11;
				GCC_DYNAMIC_NO_PIC = NO;
				GCC_NO_COMMON_BLOCKS = YES;
				GCC_OPTIMIZATION_LEVEL = 0;
				GCC_PREPROCESSOR_DEFINITIONS = (
					"DEBUG=1",
					"$(inherited)",
				);
				GCC_WARN_64_TO_32_BIT_CONVERSION = YES;
				GCC_WARN_ABOUT_RETURN_TYPE = YES_ERROR;
				GCC_WARN_UNDECLARED_SELECTOR = YES;
				GCC_WARN_UNINITIALIZED_AUTOS = YES_AGGRESSIVE;
				GCC_WARN_UNUSED_FUNCTION = YES;
				GCC_WARN_UNUSED_VARIABLE = YES;
				IPHONEOS_DEPLOYMENT_TARGET = 10.0;
				MTL_ENABLE_DEBUG_INFO = YES;
				ONLY_ACTIVE_ARCH = YES;
				SDKROOT = iphoneos;
				SWIFT_ACTIVE_COMPILATION_CONDITIONS = DEBUG;
				SWIFT_OPTIMIZATION_LEVEL = "-Onone";
			};
			name = Debug;
		};
		042761EE2106E41600928EB7 /* Release */ = {
			isa = XCBuildConfiguration;
			buildSettings = {
				ALWAYS_SEARCH_USER_PATHS = NO;
				CLANG_ANALYZER_NONNULL = YES;
				CLANG_ANALYZER_NUMBER_OBJECT_CONVERSION = YES_AGGRESSIVE;
				CLANG_CXX_LANGUAGE_STANDARD = "gnu++14";
				CLANG_CXX_LIBRARY = "libc++";
				CLANG_ENABLE_MODULES = YES;
				CLANG_ENABLE_OBJC_ARC = YES;
				CLANG_ENABLE_OBJC_WEAK = YES;
				CLANG_WARN_BLOCK_CAPTURE_AUTORELEASING = YES;
				CLANG_WARN_BOOL_CONVERSION = YES;
				CLANG_WARN_COMMA = YES;
				CLANG_WARN_CONSTANT_CONVERSION = YES;
				CLANG_WARN_DEPRECATED_OBJC_IMPLEMENTATIONS = YES;
				CLANG_WARN_DIRECT_OBJC_ISA_USAGE = YES_ERROR;
				CLANG_WARN_DOCUMENTATION_COMMENTS = YES;
				CLANG_WARN_EMPTY_BODY = YES;
				CLANG_WARN_ENUM_CONVERSION = YES;
				CLANG_WARN_INFINITE_RECURSION = YES;
				CLANG_WARN_INT_CONVERSION = YES;
				CLANG_WARN_NON_LITERAL_NULL_CONVERSION = YES;
				CLANG_WARN_OBJC_IMPLICIT_RETAIN_SELF = YES;
				CLANG_WARN_OBJC_LITERAL_CONVERSION = YES;
				CLANG_WARN_OBJC_ROOT_CLASS = YES_ERROR;
				CLANG_WARN_RANGE_LOOP_ANALYSIS = YES;
				CLANG_WARN_STRICT_PROTOTYPES = YES;
				CLANG_WARN_SUSPICIOUS_MOVE = YES;
				CLANG_WARN_UNGUARDED_AVAILABILITY = YES_AGGRESSIVE;
				CLANG_WARN_UNREACHABLE_CODE = YES;
				CLANG_WARN__DUPLICATE_METHOD_MATCH = YES;
				CODE_SIGN_IDENTITY = "Apple Development";
				COPY_PHASE_STRIP = NO;
				DEBUG_INFORMATION_FORMAT = "dwarf-with-dsym";
				DEVELOPMENT_TEAM = ZJXHH5P6P4;
				ENABLE_NS_ASSERTIONS = NO;
				ENABLE_STRICT_OBJC_MSGSEND = YES;
				GCC_C_LANGUAGE_STANDARD = gnu11;
				GCC_NO_COMMON_BLOCKS = YES;
				GCC_WARN_64_TO_32_BIT_CONVERSION = YES;
				GCC_WARN_ABOUT_RETURN_TYPE = YES_ERROR;
				GCC_WARN_UNDECLARED_SELECTOR = YES;
				GCC_WARN_UNINITIALIZED_AUTOS = YES_AGGRESSIVE;
				GCC_WARN_UNUSED_FUNCTION = YES;
				GCC_WARN_UNUSED_VARIABLE = YES;
				IPHONEOS_DEPLOYMENT_TARGET = 10.0;
				MTL_ENABLE_DEBUG_INFO = NO;
				ONLY_ACTIVE_ARCH = YES;
				SDKROOT = iphoneos;
				SWIFT_OPTIMIZATION_LEVEL = "-Owholemodule";
				VALIDATE_PRODUCT = YES;
			};
			name = Release;
		};
		042761F02106E41600928EB7 /* Debug */ = {
			isa = XCBuildConfiguration;
			baseConfigurationReference = C4AECE81A533AE88AE91791D /* Pods-CBACampProject.debug.xcconfig */;
			buildSettings = {
				ASSETCATALOG_COMPILER_APPICON_NAME = AppIcon1;
				CODE_SIGN_ENTITLEMENTS = CBACampProject/CBACampProject.entitlements;
				"CODE_SIGN_ENTITLEMENTS[sdk=*]" = CBACampProject/CBACampProject.entitlements;
				CODE_SIGN_IDENTITY = "Apple Development";
				"CODE_SIGN_IDENTITY[sdk=iphoneos*]" = "iPhone Developer";
				CODE_SIGN_STYLE = Automatic;
				CURRENT_PROJECT_VERSION = 1;
				DEVELOPMENT_TEAM = ZJXHH5P6P4;
				INFOPLIST_FILE = CBACampProject/Info.plist;
				IPHONEOS_DEPLOYMENT_TARGET = 11.0;
				LD_RUNPATH_SEARCH_PATHS = "$(inherited) @executable_path/Frameworks";
				MARKETING_VERSION = 6.1;
				ONLY_ACTIVE_ARCH = YES;
				PRODUCT_BUNDLE_IDENTIFIER = CBA.CBACampProject;
				PRODUCT_NAME = "$(TARGET_NAME)";
				PROVISIONING_PROFILE_SPECIFIER = "";
				SWIFT_VERSION = 5.0;
				TARGETED_DEVICE_FAMILY = 1;
			};
			name = Debug;
		};
		042761F12106E41600928EB7 /* Release */ = {
			isa = XCBuildConfiguration;
			baseConfigurationReference = F1259F087ED8F4BA9808592E /* Pods-CBACampProject.release.xcconfig */;
			buildSettings = {
				ASSETCATALOG_COMPILER_APPICON_NAME = AppIcon1;
				CODE_SIGN_ENTITLEMENTS = CBACampProject/CBACampProjectRelease.entitlements;
				CODE_SIGN_IDENTITY = "Apple Development";
				"CODE_SIGN_IDENTITY[sdk=iphoneos*]" = "iPhone Developer";
				CODE_SIGN_STYLE = Automatic;
				CURRENT_PROJECT_VERSION = 1;
				DEVELOPMENT_TEAM = ZJXHH5P6P4;
				INFOPLIST_FILE = CBACampProject/Info.plist;
				IPHONEOS_DEPLOYMENT_TARGET = 11.0;
				LD_RUNPATH_SEARCH_PATHS = "$(inherited) @executable_path/Frameworks";
				MARKETING_VERSION = 6.1;
				ONLY_ACTIVE_ARCH = YES;
				PRODUCT_BUNDLE_IDENTIFIER = CBA.CBACampProject;
				PRODUCT_NAME = "$(TARGET_NAME)";
				PROVISIONING_PROFILE_SPECIFIER = "";
				SWIFT_VERSION = 5.0;
				TARGETED_DEVICE_FAMILY = 1;
			};
			name = Release;
		};
		042761F32106E41600928EB7 /* Debug */ = {
			isa = XCBuildConfiguration;
			baseConfigurationReference = 140F3A965A68B4B4E6D06E43 /* Pods-CBACampProjectTests.debug.xcconfig */;
			buildSettings = {
				ALWAYS_EMBED_SWIFT_STANDARD_LIBRARIES = YES;
				BUNDLE_LOADER = "$(TEST_HOST)";
				CODE_SIGN_STYLE = Automatic;
				DEVELOPMENT_TEAM = ZJXHH5P6P4;
				INFOPLIST_FILE = CBACampProjectTests/Info.plist;
				LD_RUNPATH_SEARCH_PATHS = "$(inherited) @executable_path/Frameworks @loader_path/Frameworks";
				PRODUCT_BUNDLE_IDENTIFIER = CBA.CBACampProjectTests;
				PRODUCT_NAME = "$(TARGET_NAME)";
				SWIFT_VERSION = 5.0;
				TARGETED_DEVICE_FAMILY = "1,2";
				TEST_HOST = "$(BUILT_PRODUCTS_DIR)/CBACampProject.app/CBACampProject";
			};
			name = Debug;
		};
		042761F42106E41600928EB7 /* Release */ = {
			isa = XCBuildConfiguration;
			baseConfigurationReference = AE89BEB243B28E666769DFB6 /* Pods-CBACampProjectTests.release.xcconfig */;
			buildSettings = {
				ALWAYS_EMBED_SWIFT_STANDARD_LIBRARIES = YES;
				BUNDLE_LOADER = "$(TEST_HOST)";
				CODE_SIGN_IDENTITY = "Apple Development";
				"CODE_SIGN_IDENTITY[sdk=macosx*]" = "Apple Development";
				CODE_SIGN_STYLE = Automatic;
				DEVELOPMENT_TEAM = ZJXHH5P6P4;
				INFOPLIST_FILE = CBACampProjectTests/Info.plist;
				LD_RUNPATH_SEARCH_PATHS = "$(inherited) @executable_path/Frameworks @loader_path/Frameworks";
				PRODUCT_BUNDLE_IDENTIFIER = CBA.CBACampProjectTests;
				PRODUCT_NAME = "$(TARGET_NAME)";
				PROVISIONING_PROFILE_SPECIFIER = "";
				"PROVISIONING_PROFILE_SPECIFIER[sdk=macosx*]" = "";
				SWIFT_VERSION = 5.0;
				TARGETED_DEVICE_FAMILY = "1,2";
				TEST_HOST = "$(BUILT_PRODUCTS_DIR)/CBACampProject.app/CBACampProject";
			};
			name = Release;
		};
		042761F62106E41600928EB7 /* Debug */ = {
			isa = XCBuildConfiguration;
			baseConfigurationReference = 3B80A3468F0519CF7144BABF /* Pods-CBACampProjectUITests.debug.xcconfig */;
			buildSettings = {
				ALWAYS_EMBED_SWIFT_STANDARD_LIBRARIES = YES;
				CODE_SIGN_STYLE = Automatic;
				DEVELOPMENT_TEAM = ZJXHH5P6P4;
				INFOPLIST_FILE = CBACampProjectUITests/Info.plist;
				LD_RUNPATH_SEARCH_PATHS = "$(inherited) @executable_path/Frameworks @loader_path/Frameworks";
				PRODUCT_BUNDLE_IDENTIFIER = CBA.CBACampProjectUITests;
				PRODUCT_NAME = "$(TARGET_NAME)";
				SWIFT_VERSION = 5.0;
				TARGETED_DEVICE_FAMILY = "1,2";
				TEST_TARGET_NAME = CBACampProject;
			};
			name = Debug;
		};
		042761F72106E41600928EB7 /* Release */ = {
			isa = XCBuildConfiguration;
			baseConfigurationReference = 9A85F1EFF685C168B29644D0 /* Pods-CBACampProjectUITests.release.xcconfig */;
			buildSettings = {
				ALWAYS_EMBED_SWIFT_STANDARD_LIBRARIES = YES;
				CODE_SIGN_STYLE = Automatic;
				DEVELOPMENT_TEAM = ZJXHH5P6P4;
				INFOPLIST_FILE = CBACampProjectUITests/Info.plist;
				LD_RUNPATH_SEARCH_PATHS = "$(inherited) @executable_path/Frameworks @loader_path/Frameworks";
				PRODUCT_BUNDLE_IDENTIFIER = CBA.CBACampProjectUITests;
				PRODUCT_NAME = "$(TARGET_NAME)";
				SWIFT_VERSION = 5.0;
				TARGETED_DEVICE_FAMILY = "1,2";
				TEST_TARGET_NAME = CBACampProject;
			};
			name = Release;
		};
/* End XCBuildConfiguration section */

/* Begin XCConfigurationList section */
		042761C22106E41400928EB7 /* Build configuration list for PBXProject "CBACampProject" */ = {
			isa = XCConfigurationList;
			buildConfigurations = (
				042761ED2106E41600928EB7 /* Debug */,
				042761EE2106E41600928EB7 /* Release */,
			);
			defaultConfigurationIsVisible = 0;
			defaultConfigurationName = Release;
		};
		042761EF2106E41600928EB7 /* Build configuration list for PBXNativeTarget "CBACampProject" */ = {
			isa = XCConfigurationList;
			buildConfigurations = (
				042761F02106E41600928EB7 /* Debug */,
				042761F12106E41600928EB7 /* Release */,
			);
			defaultConfigurationIsVisible = 0;
			defaultConfigurationName = Release;
		};
		042761F22106E41600928EB7 /* Build configuration list for PBXNativeTarget "CBACampProjectTests" */ = {
			isa = XCConfigurationList;
			buildConfigurations = (
				042761F32106E41600928EB7 /* Debug */,
				042761F42106E41600928EB7 /* Release */,
			);
			defaultConfigurationIsVisible = 0;
			defaultConfigurationName = Release;
		};
		042761F52106E41600928EB7 /* Build configuration list for PBXNativeTarget "CBACampProjectUITests" */ = {
			isa = XCConfigurationList;
			buildConfigurations = (
				042761F62106E41600928EB7 /* Debug */,
				042761F72106E41600928EB7 /* Release */,
			);
			defaultConfigurationIsVisible = 0;
			defaultConfigurationName = Release;
		};
/* End XCConfigurationList section */
	};
	rootObject = 042761BF2106E41400928EB7 /* Project object */;
}
